
Microsoft Visual Studio Solution File, Format Version 12.00
# Visual Studio Version 17
VisualStudioVersion = 17.3.32819.101
MinimumVisualStudioVersion = 10.0.40219.1
Project("{8BC9CEB8-8B4A-11D0-8D11-00A0C91BC942}") = "p119", "p119\p119.vcxproj", "{0CD73062-78A7-40F8-AABE-C048DB374A1C}"
EndProject
Project("{8BC9CEB8-8B4A-11D0-8D11-00A0C91BC942}") = "p573", "p573\p573.vcxproj", "{00179D8C-9D45-4E1C-A251-4C928D8B4DD1}"
EndProject
Project("{8BC9CEB8-8B4A-11D0-8D11-00A0C91BC942}") = "p661", "p661\p661.vcxproj", "{6F9721CF-DC26-4865-ABD8-D7ADE21122B7}"
EndProject
Project("{8BC9CEB8-8B4A-11D0-8D11-00A0C91BC942}") = "p10141", "p10141\p10141.vcxproj", "{0A616D87-2E8F-49DC-A4A3-604E135E74CF}"
EndProject
Project("{8BC9CEB8-8B4A-11D0-8D11-00A0C91BC942}") = "p11507", "p11507\p11507.vcxproj", "{1F2679DF-10A5-495C-942E-BF83BCD20F41}"
EndProject
Project("{8BC9CEB8-8B4A-11D0-8D11-00A0C91BC942}") = "p462", "p462\p462.vcxproj", "{D41C2ED2-C073-452B-9356-DE4454D89535}"
EndProject
Project("{8BC9CEB8-8B4A-11D0-8D11-00A0C91BC942}") = "p12247", "p12247\p12247.vcxproj", "{21861072-AB92-47EC-A330-DBF3949F59BD}"
EndProject
Project("{8BC9CEB8-8B4A-11D0-8D11-00A0C91BC942}") = "p278", "p278\p278.vcxproj", "{8C9C1810-41FD-4DBE-AFA7-A5A6C892D9F3}"
EndProject
Project("{8BC9CEB8-8B4A-11D0-8D11-00A0C91BC942}") = "cses1636", "cses1636\cses1636.vcxproj", "{65E4D6B7-A37B-45DE-9967-312B546E1DA8}"
EndProject
Project("{8BC9CEB8-8B4A-11D0-8D11-00A0C91BC942}") = "p10339", "p10339\p10339.vcxproj", "{B99F66EC-D7D3-46BE-90F4-B8133A5FF14F}"
EndProject
Project("{8BC9CEB8-8B4A-11D0-8D11-00A0C91BC942}") = "p543", "p543\p543.vcxproj", "{F9CF1541-9985-4EFA-BD45-77DE247D9C9D}"
EndProject
Project("{8BC9CEB8-8B4A-11D0-8D11-00A0C91BC942}") = "p10961", "p10961\p10961.vcxproj", "{6AA972D9-9D64-43D6-9A2C-7818C0DF59A8}"
EndProject
Project("{8BC9CEB8-8B4A-11D0-8D11-00A0C91BC942}") = "p10038", "p10038\p10038.vcxproj", "{D1176A00-612F-4F6E-A3EA-67DBF8F2F0CD}"
EndProject
Project("{8BC9CEB8-8B4A-11D0-8D11-00A0C91BC942}") = "p12150", "p12150\p12150.vcxproj", "{36BEE8B9-1BE1-4E9C-BD3E-635C825DA206}"
EndProject
Project("{8BC9CEB8-8B4A-11D0-8D11-00A0C91BC942}") = "p12356", "p12356\p12356.vcxproj", "{30745E96-C1A7-44FE-B467-C85D40731A89}"
EndProject
Project("{8BC9CEB8-8B4A-11D0-8D11-00A0C91BC942}") = "p13181", "p13181\p13181.vcxproj", "{467DC505-1A28-4F47-A050-B819D640D92F}"
EndProject
Project("{8BC9CEB8-8B4A-11D0-8D11-00A0C91BC942}") = "baloni", "baloni\baloni.vcxproj", "{8CB6A49B-ADEB-4C56-AFC2-9CFBFF7B155E}"
EndProject
Project("{8BC9CEB8-8B4A-11D0-8D11-00A0C91BC942}") = "downtime", "downtime\downtime.vcxproj", "{98AE3B89-DE0E-4FEC-B00E-75DBBF324F52}"
EndProject
Project("{8BC9CEB8-8B4A-11D0-8D11-00A0C91BC942}") = "greedilyincreasing", "greedilyincreasing\greedilyincreasing.vcxproj", "{169E74CF-EFCD-4CC1-96B3-7FE9781DA06C}"
EndProject
Project("{8BC9CEB8-8B4A-11D0-8D11-00A0C91BC942}") = "p10978", "p10978\p10978.vcxproj", "{2F134CDF-778C-4822-BAC2-D455C8FBC31E}"
EndProject
Project("{8BC9CEB8-8B4A-11D0-8D11-00A0C91BC942}") = "p11222", "p11222\p11222.vcxproj", "{1E681586-540C-4716-90AC-4299CC452D57}"
EndProject
Project("{8BC9CEB8-8B4A-11D0-8D11-00A0C91BC942}") = "p12662", "p12662\p12662.vcxproj", "{6CA5D538-83B3-4233-AAC1-5490CE041885}"
EndProject
Project("{8BC9CEB8-8B4A-11D0-8D11-00A0C91BC942}") = "p13048", "p13048\p13048.vcxproj", "{6023DE5D-3390-4423-97A6-EF99679D95D1}"
EndProject
Project("{8BC9CEB8-8B4A-11D0-8D11-00A0C91BC942}") = "divideby100", "divideby100\divideby100.vcxproj", "{437B4DD5-AE1B-41DF-982B-03E9DAB327EF}"
EndProject
Project("{8BC9CEB8-8B4A-11D0-8D11-00A0C91BC942}") = "unionfind", "unionfind\unionfind.vcxproj", "{4525E525-06F0-4F47-89C2-E10D01619082}"
EndProject
Project("{8BC9CEB8-8B4A-11D0-8D11-00A0C91BC942}") = "p1197", "p1197\p1197.vcxproj", "{00658D89-E62E-4324-A2D6-6E2C423B516F}"
EndProject
Project("{8BC9CEB8-8B4A-11D0-8D11-00A0C91BC942}") = "p1329", "p1329\p1329.vcxproj", "{E7524E05-01EC-4866-88D3-FD8CE74364C2}"
EndProject
Project("{8BC9CEB8-8B4A-11D0-8D11-00A0C91BC942}") = "mastermind", "mastermind\mastermind.vcxproj", "{72D99B50-9650-49AE-87F2-85227DA8BB40}"
EndProject
Project("{8BC9CEB8-8B4A-11D0-8D11-00A0C91BC942}") = "pivot", "pivot\pivot.vcxproj", "{F6104F8C-E5B3-4DF4-A8F0-CA667418E355}"
EndProject
Global
	GlobalSection(SolutionConfigurationPlatforms) = preSolution
		Debug|x64 = Debug|x64
		Debug|x86 = Debug|x86
		Release|x64 = Release|x64
		Release|x86 = Release|x86
	EndGlobalSection
	GlobalSection(ProjectConfigurationPlatforms) = postSolution
		{0CD73062-78A7-40F8-AABE-C048DB374A1C}.Debug|x64.ActiveCfg = Debug|x64
		{0CD73062-78A7-40F8-AABE-C048DB374A1C}.Debug|x64.Build.0 = Debug|x64
		{0CD73062-78A7-40F8-AABE-C048DB374A1C}.Debug|x86.ActiveCfg = Debug|Win32
		{0CD73062-78A7-40F8-AABE-C048DB374A1C}.Debug|x86.Build.0 = Debug|Win32
		{0CD73062-78A7-40F8-AABE-C048DB374A1C}.Release|x64.ActiveCfg = Release|x64
		{0CD73062-78A7-40F8-AABE-C048DB374A1C}.Release|x64.Build.0 = Release|x64
		{0CD73062-78A7-40F8-AABE-C048DB374A1C}.Release|x86.ActiveCfg = Release|Win32
		{0CD73062-78A7-40F8-AABE-C048DB374A1C}.Release|x86.Build.0 = Release|Win32
		{00179D8C-9D45-4E1C-A251-4C928D8B4DD1}.Debug|x64.ActiveCfg = Debug|x64
		{00179D8C-9D45-4E1C-A251-4C928D8B4DD1}.Debug|x64.Build.0 = Debug|x64
		{00179D8C-9D45-4E1C-A251-4C928D8B4DD1}.Debug|x86.ActiveCfg = Debug|Win32
		{00179D8C-9D45-4E1C-A251-4C928D8B4DD1}.Debug|x86.Build.0 = Debug|Win32
		{00179D8C-9D45-4E1C-A251-4C928D8B4DD1}.Release|x64.ActiveCfg = Release|x64
		{00179D8C-9D45-4E1C-A251-4C928D8B4DD1}.Release|x64.Build.0 = Release|x64
		{00179D8C-9D45-4E1C-A251-4C928D8B4DD1}.Release|x86.ActiveCfg = Release|Win32
		{00179D8C-9D45-4E1C-A251-4C928D8B4DD1}.Release|x86.Build.0 = Release|Win32
		{6F9721CF-DC26-4865-ABD8-D7ADE21122B7}.Debug|x64.ActiveCfg = Debug|x64
		{6F9721CF-DC26-4865-ABD8-D7ADE21122B7}.Debug|x64.Build.0 = Debug|x64
		{6F9721CF-DC26-4865-ABD8-D7ADE21122B7}.Debug|x86.ActiveCfg = Debug|Win32
		{6F9721CF-DC26-4865-ABD8-D7ADE21122B7}.Debug|x86.Build.0 = Debug|Win32
		{6F9721CF-DC26-4865-ABD8-D7ADE21122B7}.Release|x64.ActiveCfg = Release|x64
		{6F9721CF-DC26-4865-ABD8-D7ADE21122B7}.Release|x64.Build.0 = Release|x64
		{6F9721CF-DC26-4865-ABD8-D7ADE21122B7}.Release|x86.ActiveCfg = Release|Win32
		{6F9721CF-DC26-4865-ABD8-D7ADE21122B7}.Release|x86.Build.0 = Release|Win32
		{0A616D87-2E8F-49DC-A4A3-604E135E74CF}.Debug|x64.ActiveCfg = Debug|x64
		{0A616D87-2E8F-49DC-A4A3-604E135E74CF}.Debug|x64.Build.0 = Debug|x64
		{0A616D87-2E8F-49DC-A4A3-604E135E74CF}.Debug|x86.ActiveCfg = Debug|Win32
		{0A616D87-2E8F-49DC-A4A3-604E135E74CF}.Debug|x86.Build.0 = Debug|Win32
		{0A616D87-2E8F-49DC-A4A3-604E135E74CF}.Release|x64.ActiveCfg = Release|x64
		{0A616D87-2E8F-49DC-A4A3-604E135E74CF}.Release|x64.Build.0 = Release|x64
		{0A616D87-2E8F-49DC-A4A3-604E135E74CF}.Release|x86.ActiveCfg = Release|Win32
		{0A616D87-2E8F-49DC-A4A3-604E135E74CF}.Release|x86.Build.0 = Release|Win32
		{1F2679DF-10A5-495C-942E-BF83BCD20F41}.Debug|x64.ActiveCfg = Debug|x64
		{1F2679DF-10A5-495C-942E-BF83BCD20F41}.Debug|x64.Build.0 = Debug|x64
		{1F2679DF-10A5-495C-942E-BF83BCD20F41}.Debug|x86.ActiveCfg = Debug|Win32
		{1F2679DF-10A5-495C-942E-BF83BCD20F41}.Debug|x86.Build.0 = Debug|Win32
		{1F2679DF-10A5-495C-942E-BF83BCD20F41}.Release|x64.ActiveCfg = Release|x64
		{1F2679DF-10A5-495C-942E-BF83BCD20F41}.Release|x64.Build.0 = Release|x64
		{1F2679DF-10A5-495C-942E-BF83BCD20F41}.Release|x86.ActiveCfg = Release|Win32
		{1F2679DF-10A5-495C-942E-BF83BCD20F41}.Release|x86.Build.0 = Release|Win32
		{D41C2ED2-C073-452B-9356-DE4454D89535}.Debug|x64.ActiveCfg = Debug|x64
		{D41C2ED2-C073-452B-9356-DE4454D89535}.Debug|x64.Build.0 = Debug|x64
		{D41C2ED2-C073-452B-9356-DE4454D89535}.Debug|x86.ActiveCfg = Debug|Win32
		{D41C2ED2-C073-452B-9356-DE4454D89535}.Debug|x86.Build.0 = Debug|Win32
		{D41C2ED2-C073-452B-9356-DE4454D89535}.Release|x64.ActiveCfg = Release|x64
		{D41C2ED2-C073-452B-9356-DE4454D89535}.Release|x64.Build.0 = Release|x64
		{D41C2ED2-C073-452B-9356-DE4454D89535}.Release|x86.ActiveCfg = Release|Win32
		{D41C2ED2-C073-452B-9356-DE4454D89535}.Release|x86.Build.0 = Release|Win32
		{21861072-AB92-47EC-A330-DBF3949F59BD}.Debug|x64.ActiveCfg = Debug|x64
		{21861072-AB92-47EC-A330-DBF3949F59BD}.Debug|x64.Build.0 = Debug|x64
		{21861072-AB92-47EC-A330-DBF3949F59BD}.Debug|x86.ActiveCfg = Debug|Win32
		{21861072-AB92-47EC-A330-DBF3949F59BD}.Debug|x86.Build.0 = Debug|Win32
		{21861072-AB92-47EC-A330-DBF3949F59BD}.Release|x64.ActiveCfg = Release|x64
		{21861072-AB92-47EC-A330-DBF3949F59BD}.Release|x64.Build.0 = Release|x64
		{21861072-AB92-47EC-A330-DBF3949F59BD}.Release|x86.ActiveCfg = Release|Win32
		{21861072-AB92-47EC-A330-DBF3949F59BD}.Release|x86.Build.0 = Release|Win32
		{8C9C1810-41FD-4DBE-AFA7-A5A6C892D9F3}.Debug|x64.ActiveCfg = Debug|x64
		{8C9C1810-41FD-4DBE-AFA7-A5A6C892D9F3}.Debug|x64.Build.0 = Debug|x64
		{8C9C1810-41FD-4DBE-AFA7-A5A6C892D9F3}.Debug|x86.ActiveCfg = Debug|Win32
		{8C9C1810-41FD-4DBE-AFA7-A5A6C892D9F3}.Debug|x86.Build.0 = Debug|Win32
		{8C9C1810-41FD-4DBE-AFA7-A5A6C892D9F3}.Release|x64.ActiveCfg = Release|x64
		{8C9C1810-41FD-4DBE-AFA7-A5A6C892D9F3}.Release|x64.Build.0 = Release|x64
		{8C9C1810-41FD-4DBE-AFA7-A5A6C892D9F3}.Release|x86.ActiveCfg = Release|Win32
		{8C9C1810-41FD-4DBE-AFA7-A5A6C892D9F3}.Release|x86.Build.0 = Release|Win32
		{65E4D6B7-A37B-45DE-9967-312B546E1DA8}.Debug|x64.ActiveCfg = Debug|x64
		{65E4D6B7-A37B-45DE-9967-312B546E1DA8}.Debug|x64.Build.0 = Debug|x64
		{65E4D6B7-A37B-45DE-9967-312B546E1DA8}.Debug|x86.ActiveCfg = Debug|Win32
		{65E4D6B7-A37B-45DE-9967-312B546E1DA8}.Debug|x86.Build.0 = Debug|Win32
		{65E4D6B7-A37B-45DE-9967-312B546E1DA8}.Release|x64.ActiveCfg = Release|x64
		{65E4D6B7-A37B-45DE-9967-312B546E1DA8}.Release|x64.Build.0 = Release|x64
		{65E4D6B7-A37B-45DE-9967-312B546E1DA8}.Release|x86.ActiveCfg = Release|Win32
		{65E4D6B7-A37B-45DE-9967-312B546E1DA8}.Release|x86.Build.0 = Release|Win32
		{B99F66EC-D7D3-46BE-90F4-B8133A5FF14F}.Debug|x64.ActiveCfg = Debug|x64
		{B99F66EC-D7D3-46BE-90F4-B8133A5FF14F}.Debug|x64.Build.0 = Debug|x64
		{B99F66EC-D7D3-46BE-90F4-B8133A5FF14F}.Debug|x86.ActiveCfg = Debug|Win32
		{B99F66EC-D7D3-46BE-90F4-B8133A5FF14F}.Debug|x86.Build.0 = Debug|Win32
		{B99F66EC-D7D3-46BE-90F4-B8133A5FF14F}.Release|x64.ActiveCfg = Release|x64
		{B99F66EC-D7D3-46BE-90F4-B8133A5FF14F}.Release|x64.Build.0 = Release|x64
		{B99F66EC-D7D3-46BE-90F4-B8133A5FF14F}.Release|x86.ActiveCfg = Release|Win32
		{B99F66EC-D7D3-46BE-90F4-B8133A5FF14F}.Release|x86.Build.0 = Release|Win32
		{F9CF1541-9985-4EFA-BD45-77DE247D9C9D}.Debug|x64.ActiveCfg = Debug|x64
		{F9CF1541-9985-4EFA-BD45-77DE247D9C9D}.Debug|x64.Build.0 = Debug|x64
		{F9CF1541-9985-4EFA-BD45-77DE247D9C9D}.Debug|x86.ActiveCfg = Debug|Win32
		{F9CF1541-9985-4EFA-BD45-77DE247D9C9D}.Debug|x86.Build.0 = Debug|Win32
		{F9CF1541-9985-4EFA-BD45-77DE247D9C9D}.Release|x64.ActiveCfg = Release|x64
		{F9CF1541-9985-4EFA-BD45-77DE247D9C9D}.Release|x64.Build.0 = Release|x64
		{F9CF1541-9985-4EFA-BD45-77DE247D9C9D}.Release|x86.ActiveCfg = Release|Win32
		{F9CF1541-9985-4EFA-BD45-77DE247D9C9D}.Release|x86.Build.0 = Release|Win32
		{6AA972D9-9D64-43D6-9A2C-7818C0DF59A8}.Debug|x64.ActiveCfg = Debug|x64
		{6AA972D9-9D64-43D6-9A2C-7818C0DF59A8}.Debug|x64.Build.0 = Debug|x64
		{6AA972D9-9D64-43D6-9A2C-7818C0DF59A8}.Debug|x86.ActiveCfg = Debug|Win32
		{6AA972D9-9D64-43D6-9A2C-7818C0DF59A8}.Debug|x86.Build.0 = Debug|Win32
		{6AA972D9-9D64-43D6-9A2C-7818C0DF59A8}.Release|x64.ActiveCfg = Release|x64
		{6AA972D9-9D64-43D6-9A2C-7818C0DF59A8}.Release|x64.Build.0 = Release|x64
		{6AA972D9-9D64-43D6-9A2C-7818C0DF59A8}.Release|x86.ActiveCfg = Release|Win32
		{6AA972D9-9D64-43D6-9A2C-7818C0DF59A8}.Release|x86.Build.0 = Release|Win32
		{D1176A00-612F-4F6E-A3EA-67DBF8F2F0CD}.Debug|x64.ActiveCfg = Debug|x64
		{D1176A00-612F-4F6E-A3EA-67DBF8F2F0CD}.Debug|x64.Build.0 = Debug|x64
		{D1176A00-612F-4F6E-A3EA-67DBF8F2F0CD}.Debug|x86.ActiveCfg = Debug|Win32
		{D1176A00-612F-4F6E-A3EA-67DBF8F2F0CD}.Debug|x86.Build.0 = Debug|Win32
		{D1176A00-612F-4F6E-A3EA-67DBF8F2F0CD}.Release|x64.ActiveCfg = Release|x64
		{D1176A00-612F-4F6E-A3EA-67DBF8F2F0CD}.Release|x64.Build.0 = Release|x64
		{D1176A00-612F-4F6E-A3EA-67DBF8F2F0CD}.Release|x86.ActiveCfg = Release|Win32
		{D1176A00-612F-4F6E-A3EA-67DBF8F2F0CD}.Release|x86.Build.0 = Release|Win32
		{36BEE8B9-1BE1-4E9C-BD3E-635C825DA206}.Debug|x64.ActiveCfg = Debug|x64
		{36BEE8B9-1BE1-4E9C-BD3E-635C825DA206}.Debug|x64.Build.0 = Debug|x64
		{36BEE8B9-1BE1-4E9C-BD3E-635C825DA206}.Debug|x86.ActiveCfg = Debug|Win32
		{36BEE8B9-1BE1-4E9C-BD3E-635C825DA206}.Debug|x86.Build.0 = Debug|Win32
		{36BEE8B9-1BE1-4E9C-BD3E-635C825DA206}.Release|x64.ActiveCfg = Release|x64
		{36BEE8B9-1BE1-4E9C-BD3E-635C825DA206}.Release|x64.Build.0 = Release|x64
		{36BEE8B9-1BE1-4E9C-BD3E-635C825DA206}.Release|x86.ActiveCfg = Release|Win32
		{36BEE8B9-1BE1-4E9C-BD3E-635C825DA206}.Release|x86.Build.0 = Release|Win32
		{30745E96-C1A7-44FE-B467-C85D40731A89}.Debug|x64.ActiveCfg = Debug|x64
		{30745E96-C1A7-44FE-B467-C85D40731A89}.Debug|x64.Build.0 = Debug|x64
		{30745E96-C1A7-44FE-B467-C85D40731A89}.Debug|x86.ActiveCfg = Debug|Win32
		{30745E96-C1A7-44FE-B467-C85D40731A89}.Debug|x86.Build.0 = Debug|Win32
		{30745E96-C1A7-44FE-B467-C85D40731A89}.Release|x64.ActiveCfg = Release|x64
		{30745E96-C1A7-44FE-B467-C85D40731A89}.Release|x64.Build.0 = Release|x64
		{30745E96-C1A7-44FE-B467-C85D40731A89}.Release|x86.ActiveCfg = Release|Win32
		{30745E96-C1A7-44FE-B467-C85D40731A89}.Release|x86.Build.0 = Release|Win32
		{467DC505-1A28-4F47-A050-B819D640D92F}.Debug|x64.ActiveCfg = Debug|x64
		{467DC505-1A28-4F47-A050-B819D640D92F}.Debug|x64.Build.0 = Debug|x64
		{467DC505-1A28-4F47-A050-B819D640D92F}.Debug|x86.ActiveCfg = Debug|Win32
		{467DC505-1A28-4F47-A050-B819D640D92F}.Debug|x86.Build.0 = Debug|Win32
		{467DC505-1A28-4F47-A050-B819D640D92F}.Release|x64.ActiveCfg = Release|x64
		{467DC505-1A28-4F47-A050-B819D640D92F}.Release|x64.Build.0 = Release|x64
		{467DC505-1A28-4F47-A050-B819D640D92F}.Release|x86.ActiveCfg = Release|Win32
		{467DC505-1A28-4F47-A050-B819D640D92F}.Release|x86.Build.0 = Release|Win32
		{8CB6A49B-ADEB-4C56-AFC2-9CFBFF7B155E}.Debug|x64.ActiveCfg = Debug|x64
		{8CB6A49B-ADEB-4C56-AFC2-9CFBFF7B155E}.Debug|x64.Build.0 = Debug|x64
		{8CB6A49B-ADEB-4C56-AFC2-9CFBFF7B155E}.Debug|x86.ActiveCfg = Debug|Win32
		{8CB6A49B-ADEB-4C56-AFC2-9CFBFF7B155E}.Debug|x86.Build.0 = Debug|Win32
		{8CB6A49B-ADEB-4C56-AFC2-9CFBFF7B155E}.Release|x64.ActiveCfg = Release|x64
		{8CB6A49B-ADEB-4C56-AFC2-9CFBFF7B155E}.Release|x64.Build.0 = Release|x64
		{8CB6A49B-ADEB-4C56-AFC2-9CFBFF7B155E}.Release|x86.ActiveCfg = Release|Win32
		{8CB6A49B-ADEB-4C56-AFC2-9CFBFF7B155E}.Release|x86.Build.0 = Release|Win32
		{98AE3B89-DE0E-4FEC-B00E-75DBBF324F52}.Debug|x64.ActiveCfg = Debug|x64
		{98AE3B89-DE0E-4FEC-B00E-75DBBF324F52}.Debug|x64.Build.0 = Debug|x64
		{98AE3B89-DE0E-4FEC-B00E-75DBBF324F52}.Debug|x86.ActiveCfg = Debug|Win32
		{98AE3B89-DE0E-4FEC-B00E-75DBBF324F52}.Debug|x86.Build.0 = Debug|Win32
		{98AE3B89-DE0E-4FEC-B00E-75DBBF324F52}.Release|x64.ActiveCfg = Release|x64
		{98AE3B89-DE0E-4FEC-B00E-75DBBF324F52}.Release|x64.Build.0 = Release|x64
		{98AE3B89-DE0E-4FEC-B00E-75DBBF324F52}.Release|x86.ActiveCfg = Release|Win32
		{98AE3B89-DE0E-4FEC-B00E-75DBBF324F52}.Release|x86.Build.0 = Release|Win32
		{169E74CF-EFCD-4CC1-96B3-7FE9781DA06C}.Debug|x64.ActiveCfg = Debug|x64
		{169E74CF-EFCD-4CC1-96B3-7FE9781DA06C}.Debug|x64.Build.0 = Debug|x64
		{169E74CF-EFCD-4CC1-96B3-7FE9781DA06C}.Debug|x86.ActiveCfg = Debug|Win32
		{169E74CF-EFCD-4CC1-96B3-7FE9781DA06C}.Debug|x86.Build.0 = Debug|Win32
		{169E74CF-EFCD-4CC1-96B3-7FE9781DA06C}.Release|x64.ActiveCfg = Release|x64
		{169E74CF-EFCD-4CC1-96B3-7FE9781DA06C}.Release|x64.Build.0 = Release|x64
		{169E74CF-EFCD-4CC1-96B3-7FE9781DA06C}.Release|x86.ActiveCfg = Release|Win32
		{169E74CF-EFCD-4CC1-96B3-7FE9781DA06C}.Release|x86.Build.0 = Release|Win32
		{2F134CDF-778C-4822-BAC2-D455C8FBC31E}.Debug|x64.ActiveCfg = Debug|x64
		{2F134CDF-778C-4822-BAC2-D455C8FBC31E}.Debug|x64.Build.0 = Debug|x64
		{2F134CDF-778C-4822-BAC2-D455C8FBC31E}.Debug|x86.ActiveCfg = Debug|Win32
		{2F134CDF-778C-4822-BAC2-D455C8FBC31E}.Debug|x86.Build.0 = Debug|Win32
		{2F134CDF-778C-4822-BAC2-D455C8FBC31E}.Release|x64.ActiveCfg = Release|x64
		{2F134CDF-778C-4822-BAC2-D455C8FBC31E}.Release|x64.Build.0 = Release|x64
		{2F134CDF-778C-4822-BAC2-D455C8FBC31E}.Release|x86.ActiveCfg = Release|Win32
		{2F134CDF-778C-4822-BAC2-D455C8FBC31E}.Release|x86.Build.0 = Release|Win32
		{1E681586-540C-4716-90AC-4299CC452D57}.Debug|x64.ActiveCfg = Debug|x64
		{1E681586-540C-4716-90AC-4299CC452D57}.Debug|x64.Build.0 = Debug|x64
		{1E681586-540C-4716-90AC-4299CC452D57}.Debug|x86.ActiveCfg = Debug|Win32
		{1E681586-540C-4716-90AC-4299CC452D57}.Debug|x86.Build.0 = Debug|Win32
		{1E681586-540C-4716-90AC-4299CC452D57}.Release|x64.ActiveCfg = Release|x64
		{1E681586-540C-4716-90AC-4299CC452D57}.Release|x64.Build.0 = Release|x64
		{1E681586-540C-4716-90AC-4299CC452D57}.Release|x86.ActiveCfg = Release|Win32
		{1E681586-540C-4716-90AC-4299CC452D57}.Release|x86.Build.0 = Release|Win32
		{6CA5D538-83B3-4233-AAC1-5490CE041885}.Debug|x64.ActiveCfg = Debug|x64
		{6CA5D538-83B3-4233-AAC1-5490CE041885}.Debug|x64.Build.0 = Debug|x64
		{6CA5D538-83B3-4233-AAC1-5490CE041885}.Debug|x86.ActiveCfg = Debug|Win32
		{6CA5D538-83B3-4233-AAC1-5490CE041885}.Debug|x86.Build.0 = Debug|Win32
		{6CA5D538-83B3-4233-AAC1-5490CE041885}.Release|x64.ActiveCfg = Release|x64
		{6CA5D538-83B3-4233-AAC1-5490CE041885}.Release|x64.Build.0 = Release|x64
		{6CA5D538-83B3-4233-AAC1-5490CE041885}.Release|x86.ActiveCfg = Release|Win32
		{6CA5D538-83B3-4233-AAC1-5490CE041885}.Release|x86.Build.0 = Release|Win32
		{6023DE5D-3390-4423-97A6-EF99679D95D1}.Debug|x64.ActiveCfg = Debug|x64
		{6023DE5D-3390-4423-97A6-EF99679D95D1}.Debug|x64.Build.0 = Debug|x64
		{6023DE5D-3390-4423-97A6-EF99679D95D1}.Debug|x86.ActiveCfg = Debug|Win32
		{6023DE5D-3390-4423-97A6-EF99679D95D1}.Debug|x86.Build.0 = Debug|Win32
		{6023DE5D-3390-4423-97A6-EF99679D95D1}.Release|x64.ActiveCfg = Release|x64
		{6023DE5D-3390-4423-97A6-EF99679D95D1}.Release|x64.Build.0 = Release|x64
		{6023DE5D-3390-4423-97A6-EF99679D95D1}.Release|x86.ActiveCfg = Release|Win32
		{6023DE5D-3390-4423-97A6-EF99679D95D1}.Release|x86.Build.0 = Release|Win32
		{437B4DD5-AE1B-41DF-982B-03E9DAB327EF}.Debug|x64.ActiveCfg = Debug|x64
		{437B4DD5-AE1B-41DF-982B-03E9DAB327EF}.Debug|x64.Build.0 = Debug|x64
		{437B4DD5-AE1B-41DF-982B-03E9DAB327EF}.Debug|x86.ActiveCfg = Debug|Win32
		{437B4DD5-AE1B-41DF-982B-03E9DAB327EF}.Debug|x86.Build.0 = Debug|Win32
		{437B4DD5-AE1B-41DF-982B-03E9DAB327EF}.Release|x64.ActiveCfg = Release|x64
		{437B4DD5-AE1B-41DF-982B-03E9DAB327EF}.Release|x64.Build.0 = Release|x64
		{437B4DD5-AE1B-41DF-982B-03E9DAB327EF}.Release|x86.ActiveCfg = Release|Win32
		{437B4DD5-AE1B-41DF-982B-03E9DAB327EF}.Release|x86.Build.0 = Release|Win32
		{4525E525-06F0-4F47-89C2-E10D01619082}.Debug|x64.ActiveCfg = Debug|x64
		{4525E525-06F0-4F47-89C2-E10D01619082}.Debug|x64.Build.0 = Debug|x64
		{4525E525-06F0-4F47-89C2-E10D01619082}.Debug|x86.ActiveCfg = Debug|Win32
		{4525E525-06F0-4F47-89C2-E10D01619082}.Debug|x86.Build.0 = Debug|Win32
		{4525E525-06F0-4F47-89C2-E10D01619082}.Release|x64.ActiveCfg = Release|x64
		{4525E525-06F0-4F47-89C2-E10D01619082}.Release|x64.Build.0 = Release|x64
		{4525E525-06F0-4F47-89C2-E10D01619082}.Release|x86.ActiveCfg = Release|Win32
		{4525E525-06F0-4F47-89C2-E10D01619082}.Release|x86.Build.0 = Release|Win32
		{00658D89-E62E-4324-A2D6-6E2C423B516F}.Debug|x64.ActiveCfg = Debug|x64
		{00658D89-E62E-4324-A2D6-6E2C423B516F}.Debug|x64.Build.0 = Debug|x64
		{00658D89-E62E-4324-A2D6-6E2C423B516F}.Debug|x86.ActiveCfg = Debug|Win32
		{00658D89-E62E-4324-A2D6-6E2C423B516F}.Debug|x86.Build.0 = Debug|Win32
		{00658D89-E62E-4324-A2D6-6E2C423B516F}.Release|x64.ActiveCfg = Release|x64
		{00658D89-E62E-4324-A2D6-6E2C423B516F}.Release|x64.Build.0 = Release|x64
		{00658D89-E62E-4324-A2D6-6E2C423B516F}.Release|x86.ActiveCfg = Release|Win32
		{00658D89-E62E-4324-A2D6-6E2C423B516F}.Release|x86.Build.0 = Release|Win32
		{E7524E05-01EC-4866-88D3-FD8CE74364C2}.Debug|x64.ActiveCfg = Debug|x64
		{E7524E05-01EC-4866-88D3-FD8CE74364C2}.Debug|x64.Build.0 = Debug|x64
		{E7524E05-01EC-4866-88D3-FD8CE74364C2}.Debug|x86.ActiveCfg = Debug|Win32
		{E7524E05-01EC-4866-88D3-FD8CE74364C2}.Debug|x86.Build.0 = Debug|Win32
		{E7524E05-01EC-4866-88D3-FD8CE74364C2}.Release|x64.ActiveCfg = Release|x64
		{E7524E05-01EC-4866-88D3-FD8CE74364C2}.Release|x64.Build.0 = Release|x64
		{E7524E05-01EC-4866-88D3-FD8CE74364C2}.Release|x86.ActiveCfg = Release|Win32
		{E7524E05-01EC-4866-88D3-FD8CE74364C2}.Release|x86.Build.0 = Release|Win32
		{72D99B50-9650-49AE-87F2-85227DA8BB40}.Debug|x64.ActiveCfg = Debug|x64
		{72D99B50-9650-49AE-87F2-85227DA8BB40}.Debug|x64.Build.0 = Debug|x64
		{72D99B50-9650-49AE-87F2-85227DA8BB40}.Debug|x86.ActiveCfg = Debug|Win32
		{72D99B50-9650-49AE-87F2-85227DA8BB40}.Debug|x86.Build.0 = Debug|Win32
		{72D99B50-9650-49AE-87F2-85227DA8BB40}.Release|x64.ActiveCfg = Release|x64
		{72D99B50-9650-49AE-87F2-85227DA8BB40}.Release|x64.Build.0 = Release|x64
		{72D99B50-9650-49AE-87F2-85227DA8BB40}.Release|x86.ActiveCfg = Release|Win32
		{72D99B50-9650-49AE-87F2-85227DA8BB40}.Release|x86.Build.0 = Release|Win32
		{F6104F8C-E5B3-4DF4-A8F0-CA667418E355}.Debug|x64.ActiveCfg = Debug|x64
		{F6104F8C-E5B3-4DF4-A8F0-CA667418E355}.Debug|x64.Build.0 = Debug|x64
		{F6104F8C-E5B3-4DF4-A8F0-CA667418E355}.Debug|x86.ActiveCfg = Debug|Win32
		{F6104F8C-E5B3-4DF4-A8F0-CA667418E355}.Debug|x86.Build.0 = Debug|Win32
		{F6104F8C-E5B3-4DF4-A8F0-CA667418E355}.Release|x64.ActiveCfg = Release|x64
		{F6104F8C-E5B3-4DF4-A8F0-CA667418E355}.Release|x64.Build.0 = Release|x64
		{F6104F8C-E5B3-4DF4-A8F0-CA667418E355}.Release|x86.ActiveCfg = Release|Win32
		{F6104F8C-E5B3-4DF4-A8F0-CA667418E355}.Release|x86.Build.0 = Release|Win32
	EndGlobalSection
	GlobalSection(SolutionProperties) = preSolution
		HideSolutionNode = FALSE
	EndGlobalSection
	GlobalSection(ExtensibilityGlobals) = postSolution
		SolutionGuid = {C06B790C-2AC5-4A1A-99C3-08C2DB73C984}
	EndGlobalSection
EndGlobal
