
Microsoft Visual Studio Solution File, Format Version 12.00
# Visual Studio Version 17
VisualStudioVersion = 17.3.32819.101
MinimumVisualStudioVersion = 10.0.40219.1
Project("{8BC9CEB8-8B4A-11D0-8D11-00A0C91BC942}") = "p119", "p119\p119.vcxproj", "{0CD73062-78A7-40F8-AABE-C048DB374A1C}"
EndProject
Project("{8BC9CEB8-8B4A-11D0-8D11-00A0C91BC942}") = "p573", "p573\p573.vcxproj", "{00179D8C-9D45-4E1C-A251-4C928D8B4DD1}"
EndProject
Project("{8BC9CEB8-8B4A-11D0-8D11-00A0C91BC942}") = "p661", "p661\p661.vcxproj", "{6F9721CF-DC26-4865-ABD8-D7ADE21122B7}"
EndProject
Project("{8BC9CEB8-8B4A-11D0-8D11-00A0C91BC942}") = "p10141", "p10141\p10141.vcxproj", "{0A616D87-2E8F-49DC-A4A3-604E135E74CF}"
EndProject
Project("{8BC9CEB8-8B4A-11D0-8D11-00A0C91BC942}") = "p11507", "p11507\p11507.vcxproj", "{1F2679DF-10A5-495C-942E-BF83BCD20F41}"
EndProject
Project("{8BC9CEB8-8B4A-11D0-8D11-00A0C91BC942}") = "p462", "p462\p462.vcxproj", "{D41C2ED2-C073-452B-9356-DE4454D89535}"
EndProject
Project("{8BC9CEB8-8B4A-11D0-8D11-00A0C91BC942}") = "p12247", "p12247\p12247.vcxproj", "{21861072-AB92-47EC-A330-DBF3949F59BD}"
EndProject
Project("{8BC9CEB8-8B4A-11D0-8D11-00A0C91BC942}") = "p278", "p278\p278.vcxproj", "{8C9C1810-41FD-4DBE-AFA7-A5A6C892D9F3}"
EndProject
Project("{8BC9CEB8-8B4A-11D0-8D11-00A0C91BC942}") = "cses1636", "cses1636\cses1636.vcxproj", "{65E4D6B7-A37B-45DE-9967-312B546E1DA8}"
EndProject
Project("{8BC9CEB8-8B4A-11D0-8D11-00A0C91BC942}") = "p10339", "p10339\p10339.vcxproj", "{B99F66EC-D7D3-46BE-90F4-B8133A5FF14F}"
EndProject
Project("{8BC9CEB8-8B4A-11D0-8D11-00A0C91BC942}") = "p543", "p543\p543.vcxproj", "{F9CF1541-9985-4EFA-BD45-77DE247D9C9D}"
EndProject
Project("{8BC9CEB8-8B4A-11D0-8D11-00A0C91BC942}") = "p10961", "p10961\p10961.vcxproj", "{6AA972D9-9D64-43D6-9A2C-7818C0DF59A8}"
EndProject
Project("{8BC9CEB8-8B4A-11D0-8D11-00A0C91BC942}") = "p10038", "p10038\p10038.vcxproj", "{D1176A00-612F-4F6E-A3EA-67DBF8F2F0CD}"
EndProject
Project("{8BC9CEB8-8B4A-11D0-8D11-00A0C91BC942}") = "p12150", "p12150\p12150.vcxproj", "{36BEE8B9-1BE1-4E9C-BD3E-635C825DA206}"
EndProject
Project("{8BC9CEB8-8B4A-11D0-8D11-00A0C91BC942}") = "p12356", "p12356\p12356.vcxproj", "{30745E96-C1A7-44FE-B467-C85D40731A89}"
EndProject
Global
	GlobalSection(SolutionConfigurationPlatforms) = preSolution
		Debug|x64 = Debug|x64
		Debug|x86 = Debug|x86
		Release|x64 = Release|x64
		Release|x86 = Release|x86
	EndGlobalSection
	GlobalSection(ProjectConfigurationPlatforms) = postSolution
		{0CD73062-78A7-40F8-AABE-C048DB374A1C}.Debug|x64.ActiveCfg = Debug|x64
		{0CD73062-78A7-40F8-AABE-C048DB374A1C}.Debug|x64.Build.0 = Debug|x64
		{0CD73062-78A7-40F8-AABE-C048DB374A1C}.Debug|x86.ActiveCfg = Debug|Win32
		{0CD73062-78A7-40F8-AABE-C048DB374A1C}.Debug|x86.Build.0 = Debug|Win32
		{0CD73062-78A7-40F8-AABE-C048DB374A1C}.Release|x64.ActiveCfg = Release|x64
		{0CD73062-78A7-40F8-AABE-C048DB374A1C}.Release|x64.Build.0 = Release|x64
		{0CD73062-78A7-40F8-AABE-C048DB374A1C}.Release|x86.ActiveCfg = Release|Win32
		{0CD73062-78A7-40F8-AABE-C048DB374A1C}.Release|x86.Build.0 = Release|Win32
		{00179D8C-9D45-4E1C-A251-4C928D8B4DD1}.Debug|x64.ActiveCfg = Debug|x64
		{00179D8C-9D45-4E1C-A251-4C928D8B4DD1}.Debug|x64.Build.0 = Debug|x64
		{00179D8C-9D45-4E1C-A251-4C928D8B4DD1}.Debug|x86.ActiveCfg = Debug|Win32
		{00179D8C-9D45-4E1C-A251-4C928D8B4DD1}.Debug|x86.Build.0 = Debug|Win32
		{00179D8C-9D45-4E1C-A251-4C928D8B4DD1}.Release|x64.ActiveCfg = Release|x64
		{00179D8C-9D45-4E1C-A251-4C928D8B4DD1}.Release|x64.Build.0 = Release|x64
		{00179D8C-9D45-4E1C-A251-4C928D8B4DD1}.Release|x86.ActiveCfg = Release|Win32
		{00179D8C-9D45-4E1C-A251-4C928D8B4DD1}.Release|x86.Build.0 = Release|Win32
		{6F9721CF-DC26-4865-ABD8-D7ADE21122B7}.Debug|x64.ActiveCfg = Debug|x64
		{6F9721CF-DC26-4865-ABD8-D7ADE21122B7}.Debug|x64.Build.0 = Debug|x64
		{6F9721CF-DC26-4865-ABD8-D7ADE21122B7}.Debug|x86.ActiveCfg = Debug|Win32
		{6F9721CF-DC26-4865-ABD8-D7ADE21122B7}.Debug|x86.Build.0 = Debug|Win32
		{6F9721CF-DC26-4865-ABD8-D7ADE21122B7}.Release|x64.ActiveCfg = Release|x64
		{6F9721CF-DC26-4865-ABD8-D7ADE21122B7}.Release|x64.Build.0 = Release|x64
		{6F9721CF-DC26-4865-ABD8-D7ADE21122B7}.Release|x86.ActiveCfg = Release|Win32
		{6F9721CF-DC26-4865-ABD8-D7ADE21122B7}.Release|x86.Build.0 = Release|Win32
		{0A616D87-2E8F-49DC-A4A3-604E135E74CF}.Debug|x64.ActiveCfg = Debug|x64
		{0A616D87-2E8F-49DC-A4A3-604E135E74CF}.Debug|x64.Build.0 = Debug|x64
		{0A616D87-2E8F-49DC-A4A3-604E135E74CF}.Debug|x86.ActiveCfg = Debug|Win32
		{0A616D87-2E8F-49DC-A4A3-604E135E74CF}.Debug|x86.Build.0 = Debug|Win32
		{0A616D87-2E8F-49DC-A4A3-604E135E74CF}.Release|x64.ActiveCfg = Release|x64
		{0A616D87-2E8F-49DC-A4A3-604E135E74CF}.Release|x64.Build.0 = Release|x64
		{0A616D87-2E8F-49DC-A4A3-604E135E74CF}.Release|x86.ActiveCfg = Release|Win32
		{0A616D87-2E8F-49DC-A4A3-604E135E74CF}.Release|x86.Build.0 = Release|Win32
		{1F2679DF-10A5-495C-942E-BF83BCD20F41}.Debug|x64.ActiveCfg = Debug|x64
		{1F2679DF-10A5-495C-942E-BF83BCD20F41}.Debug|x64.Build.0 = Debug|x64
		{1F2679DF-10A5-495C-942E-BF83BCD20F41}.Debug|x86.ActiveCfg = Debug|Win32
		{1F2679DF-10A5-495C-942E-BF83BCD20F41}.Debug|x86.Build.0 = Debug|Win32
		{1F2679DF-10A5-495C-942E-BF83BCD20F41}.Release|x64.ActiveCfg = Release|x64
		{1F2679DF-10A5-495C-942E-BF83BCD20F41}.Release|x64.Build.0 = Release|x64
		{1F2679DF-10A5-495C-942E-BF83BCD20F41}.Release|x86.ActiveCfg = Release|Win32
		{1F2679DF-10A5-495C-942E-BF83BCD20F41}.Release|x86.Build.0 = Release|Win32
		{D41C2ED2-C073-452B-9356-DE4454D89535}.Debug|x64.ActiveCfg = Debug|x64
		{D41C2ED2-C073-452B-9356-DE4454D89535}.Debug|x64.Build.0 = Debug|x64
		{D41C2ED2-C073-452B-9356-DE4454D89535}.Debug|x86.ActiveCfg = Debug|Win32
		{D41C2ED2-C073-452B-9356-DE4454D89535}.Debug|x86.Build.0 = Debug|Win32
		{D41C2ED2-C073-452B-9356-DE4454D89535}.Release|x64.ActiveCfg = Release|x64
		{D41C2ED2-C073-452B-9356-DE4454D89535}.Release|x64.Build.0 = Release|x64
		{D41C2ED2-C073-452B-9356-DE4454D89535}.Release|x86.ActiveCfg = Release|Win32
		{D41C2ED2-C073-452B-9356-DE4454D89535}.Release|x86.Build.0 = Release|Win32
		{21861072-AB92-47EC-A330-DBF3949F59BD}.Debug|x64.ActiveCfg = Debug|x64
		{21861072-AB92-47EC-A330-DBF3949F59BD}.Debug|x64.Build.0 = Debug|x64
		{21861072-AB92-47EC-A330-DBF3949F59BD}.Debug|x86.ActiveCfg = Debug|Win32
		{21861072-AB92-47EC-A330-DBF3949F59BD}.Debug|x86.Build.0 = Debug|Win32
		{21861072-AB92-47EC-A330-DBF3949F59BD}.Release|x64.ActiveCfg = Release|x64
		{21861072-AB92-47EC-A330-DBF3949F59BD}.Release|x64.Build.0 = Release|x64
		{21861072-AB92-47EC-A330-DBF3949F59BD}.Release|x86.ActiveCfg = Release|Win32
		{21861072-AB92-47EC-A330-DBF3949F59BD}.Release|x86.Build.0 = Release|Win32
		{8C9C1810-41FD-4DBE-AFA7-A5A6C892D9F3}.Debug|x64.ActiveCfg = Debug|x64
		{8C9C1810-41FD-4DBE-AFA7-A5A6C892D9F3}.Debug|x64.Build.0 = Debug|x64
		{8C9C1810-41FD-4DBE-AFA7-A5A6C892D9F3}.Debug|x86.ActiveCfg = Debug|Win32
		{8C9C1810-41FD-4DBE-AFA7-A5A6C892D9F3}.Debug|x86.Build.0 = Debug|Win32
		{8C9C1810-41FD-4DBE-AFA7-A5A6C892D9F3}.Release|x64.ActiveCfg = Release|x64
		{8C9C1810-41FD-4DBE-AFA7-A5A6C892D9F3}.Release|x64.Build.0 = Release|x64
		{8C9C1810-41FD-4DBE-AFA7-A5A6C892D9F3}.Release|x86.ActiveCfg = Release|Win32
		{8C9C1810-41FD-4DBE-AFA7-A5A6C892D9F3}.Release|x86.Build.0 = Release|Win32
		{65E4D6B7-A37B-45DE-9967-312B546E1DA8}.Debug|x64.ActiveCfg = Debug|x64
		{65E4D6B7-A37B-45DE-9967-312B546E1DA8}.Debug|x64.Build.0 = Debug|x64
		{65E4D6B7-A37B-45DE-9967-312B546E1DA8}.Debug|x86.ActiveCfg = Debug|Win32
		{65E4D6B7-A37B-45DE-9967-312B546E1DA8}.Debug|x86.Build.0 = Debug|Win32
		{65E4D6B7-A37B-45DE-9967-312B546E1DA8}.Release|x64.ActiveCfg = Release|x64
		{65E4D6B7-A37B-45DE-9967-312B546E1DA8}.Release|x64.Build.0 = Release|x64
		{65E4D6B7-A37B-45DE-9967-312B546E1DA8}.Release|x86.ActiveCfg = Release|Win32
		{65E4D6B7-A37B-45DE-9967-312B546E1DA8}.Release|x86.Build.0 = Release|Win32
		{B99F66EC-D7D3-46BE-90F4-B8133A5FF14F}.Debug|x64.ActiveCfg = Debug|x64
		{B99F66EC-D7D3-46BE-90F4-B8133A5FF14F}.Debug|x64.Build.0 = Debug|x64
		{B99F66EC-D7D3-46BE-90F4-B8133A5FF14F}.Debug|x86.ActiveCfg = Debug|Win32
		{B99F66EC-D7D3-46BE-90F4-B8133A5FF14F}.Debug|x86.Build.0 = Debug|Win32
		{B99F66EC-D7D3-46BE-90F4-B8133A5FF14F}.Release|x64.ActiveCfg = Release|x64
		{B99F66EC-D7D3-46BE-90F4-B8133A5FF14F}.Release|x64.Build.0 = Release|x64
		{B99F66EC-D7D3-46BE-90F4-B8133A5FF14F}.Release|x86.ActiveCfg = Release|Win32
		{B99F66EC-D7D3-46BE-90F4-B8133A5FF14F}.Release|x86.Build.0 = Release|Win32
		{F9CF1541-9985-4EFA-BD45-77DE247D9C9D}.Debug|x64.ActiveCfg = Debug|x64
		{F9CF1541-9985-4EFA-BD45-77DE247D9C9D}.Debug|x64.Build.0 = Debug|x64
		{F9CF1541-9985-4EFA-BD45-77DE247D9C9D}.Debug|x86.ActiveCfg = Debug|Win32
		{F9CF1541-9985-4EFA-BD45-77DE247D9C9D}.Debug|x86.Build.0 = Debug|Win32
		{F9CF1541-9985-4EFA-BD45-77DE247D9C9D}.Release|x64.ActiveCfg = Release|x64
		{F9CF1541-9985-4EFA-BD45-77DE247D9C9D}.Release|x64.Build.0 = Release|x64
		{F9CF1541-9985-4EFA-BD45-77DE247D9C9D}.Release|x86.ActiveCfg = Release|Win32
		{F9CF1541-9985-4EFA-BD45-77DE247D9C9D}.Release|x86.Build.0 = Release|Win32
		{6AA972D9-9D64-43D6-9A2C-7818C0DF59A8}.Debug|x64.ActiveCfg = Debug|x64
		{6AA972D9-9D64-43D6-9A2C-7818C0DF59A8}.Debug|x64.Build.0 = Debug|x64
		{6AA972D9-9D64-43D6-9A2C-7818C0DF59A8}.Debug|x86.ActiveCfg = Debug|Win32
		{6AA972D9-9D64-43D6-9A2C-7818C0DF59A8}.Debug|x86.Build.0 = Debug|Win32
		{6AA972D9-9D64-43D6-9A2C-7818C0DF59A8}.Release|x64.ActiveCfg = Release|x64
		{6AA972D9-9D64-43D6-9A2C-7818C0DF59A8}.Release|x64.Build.0 = Release|x64
		{6AA972D9-9D64-43D6-9A2C-7818C0DF59A8}.Release|x86.ActiveCfg = Release|Win32
		{6AA972D9-9D64-43D6-9A2C-7818C0DF59A8}.Release|x86.Build.0 = Release|Win32
		{D1176A00-612F-4F6E-A3EA-67DBF8F2F0CD}.Debug|x64.ActiveCfg = Debug|x64
		{D1176A00-612F-4F6E-A3EA-67DBF8F2F0CD}.Debug|x64.Build.0 = Debug|x64
		{D1176A00-612F-4F6E-A3EA-67DBF8F2F0CD}.Debug|x86.ActiveCfg = Debug|Win32
		{D1176A00-612F-4F6E-A3EA-67DBF8F2F0CD}.Debug|x86.Build.0 = Debug|Win32
		{D1176A00-612F-4F6E-A3EA-67DBF8F2F0CD}.Release|x64.ActiveCfg = Release|x64
		{D1176A00-612F-4F6E-A3EA-67DBF8F2F0CD}.Release|x64.Build.0 = Release|x64
		{D1176A00-612F-4F6E-A3EA-67DBF8F2F0CD}.Release|x86.ActiveCfg = Release|Win32
		{D1176A00-612F-4F6E-A3EA-67DBF8F2F0CD}.Release|x86.Build.0 = Release|Win32
		{36BEE8B9-1BE1-4E9C-BD3E-635C825DA206}.Debug|x64.ActiveCfg = Debug|x64
		{36BEE8B9-1BE1-4E9C-BD3E-635C825DA206}.Debug|x64.Build.0 = Debug|x64
		{36BEE8B9-1BE1-4E9C-BD3E-635C825DA206}.Debug|x86.ActiveCfg = Debug|Win32
		{36BEE8B9-1BE1-4E9C-BD3E-635C825DA206}.Debug|x86.Build.0 = Debug|Win32
		{36BEE8B9-1BE1-4E9C-BD3E-635C825DA206}.Release|x64.ActiveCfg = Release|x64
		{36BEE8B9-1BE1-4E9C-BD3E-635C825DA206}.Release|x64.Build.0 = Release|x64
		{36BEE8B9-1BE1-4E9C-BD3E-635C825DA206}.Release|x86.ActiveCfg = Release|Win32
		{36BEE8B9-1BE1-4E9C-BD3E-635C825DA206}.Release|x86.Build.0 = Release|Win32
		{30745E96-C1A7-44FE-B467-C85D40731A89}.Debug|x64.ActiveCfg = Debug|x64
		{30745E96-C1A7-44FE-B467-C85D40731A89}.Debug|x64.Build.0 = Debug|x64
		{30745E96-C1A7-44FE-B467-C85D40731A89}.Debug|x86.ActiveCfg = Debug|Win32
		{30745E96-C1A7-44FE-B467-C85D40731A89}.Debug|x86.Build.0 = Debug|Win32
		{30745E96-C1A7-44FE-B467-C85D40731A89}.Release|x64.ActiveCfg = Release|x64
		{30745E96-C1A7-44FE-B467-C85D40731A89}.Release|x64.Build.0 = Release|x64
		{30745E96-C1A7-44FE-B467-C85D40731A89}.Release|x86.ActiveCfg = Release|Win32
		{30745E96-C1A7-44FE-B467-C85D40731A89}.Release|x86.Build.0 = Release|Win32
	EndGlobalSection
	GlobalSection(SolutionProperties) = preSolution
		HideSolutionNode = FALSE
	EndGlobalSection
	GlobalSection(ExtensibilityGlobals) = postSolution
		SolutionGuid = {C06B790C-2AC5-4A1A-99C3-08C2DB73C984}
	EndGlobalSection
EndGlobal
