
Microsoft Visual Studio Solution File, Format Version 12.00
# Visual Studio Version 17
VisualStudioVersion = 17.3.32819.101
MinimumVisualStudioVersion = 10.0.40219.1
Project("{8BC9CEB8-8B4A-11D0-8D11-00A0C91BC942}") = "p119", "p119\p119.vcxproj", "{0CD73062-78A7-40F8-AABE-C048DB374A1C}"
EndProject
Project("{8BC9CEB8-8B4A-11D0-8D11-00A0C91BC942}") = "p573", "p573\p573.vcxproj", "{00179D8C-9D45-4E1C-A251-4C928D8B4DD1}"
EndProject
Project("{8BC9CEB8-8B4A-11D0-8D11-00A0C91BC942}") = "p661", "p661\p661.vcxproj", "{6F9721CF-DC26-4865-ABD8-D7ADE21122B7}"
EndProject
Project("{8BC9CEB8-8B4A-11D0-8D11-00A0C91BC942}") = "p10141", "p10141\p10141.vcxproj", "{0A616D87-2E8F-49DC-A4A3-604E135E74CF}"
EndProject
Project("{8BC9CEB8-8B4A-11D0-8D11-00A0C91BC942}") = "p11507", "p11507\p11507.vcxproj", "{1F2679DF-10A5-495C-942E-BF83BCD20F41}"
EndProject
Project("{8BC9CEB8-8B4A-11D0-8D11-00A0C91BC942}") = "p462", "p462\p462.vcxproj", "{D41C2ED2-C073-452B-9356-DE4454D89535}"
EndProject
Project("{8BC9CEB8-8B4A-11D0-8D11-00A0C91BC942}") = "p12247", "p12247\p12247.vcxproj", "{21861072-AB92-47EC-A330-DBF3949F59BD}"
EndProject
Project("{8BC9CEB8-8B4A-11D0-8D11-00A0C91BC942}") = "p278", "p278\p278.vcxproj", "{8C9C1810-41FD-4DBE-AFA7-A5A6C892D9F3}"
EndProject
Project("{8BC9CEB8-8B4A-11D0-8D11-00A0C91BC942}") = "cses1636", "cses1636\cses1636.vcxproj", "{65E4D6B7-A37B-45DE-9967-312B546E1DA8}"
EndProject
Project("{8BC9CEB8-8B4A-11D0-8D11-00A0C91BC942}") = "p10339", "p10339\p10339.vcxproj", "{B99F66EC-D7D3-46BE-90F4-B8133A5FF14F}"
EndProject
Project("{8BC9CEB8-8B4A-11D0-8D11-00A0C91BC942}") = "p543", "p543\p543.vcxproj", "{F9CF1541-9985-4EFA-BD45-77DE247D9C9D}"
EndProject
Project("{8BC9CEB8-8B4A-11D0-8D11-00A0C91BC942}") = "p10961", "p10961\p10961.vcxproj", "{6AA972D9-9D64-43D6-9A2C-7818C0DF59A8}"
EndProject
Project("{8BC9CEB8-8B4A-11D0-8D11-00A0C91BC942}") = "p10038", "p10038\p10038.vcxproj", "{D1176A00-612F-4F6E-A3EA-67DBF8F2F0CD}"
EndProject
Project("{8BC9CEB8-8B4A-11D0-8D11-00A0C91BC942}") = "p12150", "p12150\p12150.vcxproj", "{36BEE8B9-1BE1-4E9C-BD3E-635C825DA206}"
EndProject
Project("{8BC9CEB8-8B4A-11D0-8D11-00A0C91BC942}") = "p12356", "p12356\p12356.vcxproj", "{30745E96-C1A7-44FE-B467-C85D40731A89}"
EndProject
Project("{8BC9CEB8-8B4A-11D0-8D11-00A0C91BC942}") = "p13181", "p13181\p13181.vcxproj", "{467DC505-1A28-4F47-A050-B819D640D92F}"
EndProject
Project("{8BC9CEB8-8B4A-11D0-8D11-00A0C91BC942}") = "baloni", "baloni\baloni.vcxproj", "{8CB6A49B-ADEB-4C56-AFC2-9CFBFF7B155E}"
EndProject
Project("{8BC9CEB8-8B4A-11D0-8D11-00A0C91BC942}") = "downtime", "downtime\downtime.vcxproj", "{98AE3B89-DE0E-4FEC-B00E-75DBBF324F52}"
EndProject
Project("{8BC9CEB8-8B4A-11D0-8D11-00A0C91BC942}") = "greedilyincreasing", "greedilyincreasing\greedilyincreasing.vcxproj", "{169E74CF-EFCD-4CC1-96B3-7FE9781DA06C}"
EndProject
Project("{8BC9CEB8-8B4A-11D0-8D11-00A0C91BC942}") = "p10978", "p10978\p10978.vcxproj", "{2F134CDF-778C-4822-BAC2-D455C8FBC31E}"
EndProject
Project("{8BC9CEB8-8B4A-11D0-8D11-00A0C91BC942}") = "p11222", "p11222\p11222.vcxproj", "{1E681586-540C-4716-90AC-4299CC452D57}"
EndProject
Project("{8BC9CEB8-8B4A-11D0-8D11-00A0C91BC942}") = "p12662", "p12662\p12662.vcxproj", "{6CA5D538-83B3-4233-AAC1-5490CE041885}"
EndProject
Project("{8BC9CEB8-8B4A-11D0-8D11-00A0C91BC942}") = "p13048", "p13048\p13048.vcxproj", "{6023DE5D-3390-4423-97A6-EF99679D95D1}"
EndProject
Project("{8BC9CEB8-8B4A-11D0-8D11-00A0C91BC942}") = "divideby100", "divideby100\divideby100.vcxproj", "{437B4DD5-AE1B-41DF-982B-03E9DAB327EF}"
EndProject
Project("{8BC9CEB8-8B4A-11D0-8D11-00A0C91BC942}") = "unionfind", "unionfind\unionfind.vcxproj", "{4525E525-06F0-4F47-89C2-E10D01619082}"
EndProject
Project("{8BC9CEB8-8B4A-11D0-8D11-00A0C91BC942}") = "p1197", "p1197\p1197.vcxproj", "{00658D89-E62E-4324-A2D6-6E2C423B516F}"
EndProject
Project("{8BC9CEB8-8B4A-11D0-8D11-00A0C91BC942}") = "p1329", "p1329\p1329.vcxproj", "{E7524E05-01EC-4866-88D3-FD8CE74364C2}"
EndProject
Project("{8BC9CEB8-8B4A-11D0-8D11-00A0C91BC942}") = "mastermind", "mastermind\mastermind.vcxproj", "{72D99B50-9650-49AE-87F2-85227DA8BB40}"
EndProject
Project("{8BC9CEB8-8B4A-11D0-8D11-00A0C91BC942}") = "pivot", "pivot\pivot.vcxproj", "{F6104F8C-E5B3-4DF4-A8F0-CA667418E355}"
EndProject
Project("{8BC9CEB8-8B4A-11D0-8D11-00A0C91BC942}") = "epigdanceoff", "epigdanceoff\epigdanceoff.vcxproj", "{52058A82-0D5D-4E6A-8DB4-2E701ABD9555}"
EndProject
Project("{8BC9CEB8-8B4A-11D0-8D11-00A0C91BC942}") = "p11581", "p11581\p11581.vcxproj", "{EB9A1E56-28C4-40AE-AA1D-B596D477A820}"
EndProject
Project("{8BC9CEB8-8B4A-11D0-8D11-00A0C91BC942}") = "p12187", "p12187\p12187.vcxproj", "{3B84C1D1-5008-4E20-B9C7-B846E2471989}"
EndProject
Project("{8BC9CEB8-8B4A-11D0-8D11-00A0C91BC942}") = "p12667", "p12667\p12667.vcxproj", "{8B90C564-1479-42E4-8AB1-2F49EF773F22}"
EndProject
Project("{8BC9CEB8-8B4A-11D0-8D11-00A0C91BC942}") = "flowshop", "flowshop\flowshop.vcxproj", "{1C481B80-F4DA-45B2-948C-1461932FCAEA}"
EndProject
Project("{8BC9CEB8-8B4A-11D0-8D11-00A0C91BC942}") = "imageprocessing", "imageprocessing\imageprocessing.vcxproj", "{B7653A2E-A000-4885-BA56-46AF26F30A4D}"
EndProject
Project("{8BC9CEB8-8B4A-11D0-8D11-00A0C91BC942}") = "nineknights", "nineknights\nineknights.vcxproj", "{0B4AEF89-174A-4305-884A-3DEAE7036898}"
EndProject
Project("{8BC9CEB8-8B4A-11D0-8D11-00A0C91BC942}") = "2048", "2048\2048.vcxproj", "{47B468DD-ED49-4292-BAD9-688003CC2B2F}"
EndProject
Project("{8BC9CEB8-8B4A-11D0-8D11-00A0C91BC942}") = "p466", "p466\p466.vcxproj", "{C57F0B9A-A52A-4AC3-8AB6-9CBAF9FDAF4C}"
EndProject
Project("{8BC9CEB8-8B4A-11D0-8D11-00A0C91BC942}") = "p11360", "p11360\p11360.vcxproj", "{4A9BEFDE-43E7-4B9A-ABFC-9ED86243FCFC}"
EndProject
Project("{8BC9CEB8-8B4A-11D0-8D11-00A0C91BC942}") = "p12291", "p12291\p12291.vcxproj", "{1F9082DE-FD5E-4F69-BCF5-0FA39A9ABD5E}"
EndProject
Project("{8BC9CEB8-8B4A-11D0-8D11-00A0C91BC942}") = "flagquiz", "flagquiz\flagquiz.vcxproj", "{E4059515-1A20-4356-8B05-A009A9649DC9}"
EndProject
Project("{8BC9CEB8-8B4A-11D0-8D11-00A0C91BC942}") = "funhouse", "funhouse\funhouse.vcxproj", "{65B9B61C-A44E-4C64-8BA6-978845B883FD}"
EndProject
Project("{8BC9CEB8-8B4A-11D0-8D11-00A0C91BC942}") = "rings2", "rings2\rings2.vcxproj", "{ACD8B99E-8AAB-4707-B6E5-D9F0C5D51640}"
EndProject
Project("{8BC9CEB8-8B4A-11D0-8D11-00A0C91BC942}") = "basicprogramming2", "basicprogramming2\basicprogramming2.vcxproj", "{B1037208-0575-47D1-AED9-73F6F858B648}"
EndProject
Project("{8BC9CEB8-8B4A-11D0-8D11-00A0C91BC942}") = "p10107", "p10107\p10107.vcxproj", "{1A906919-876A-476F-AC4A-5A34CE392D76}"
EndProject
Project("{8BC9CEB8-8B4A-11D0-8D11-00A0C91BC942}") = "p12541", "p12541\p12541.vcxproj", "{C006F70D-B39F-4C23-87AB-1D79343A9465}"
EndProject
Project("{8BC9CEB8-8B4A-11D0-8D11-00A0C91BC942}") = "p12709", "p12709\p12709.vcxproj", "{2A4D0031-9009-4079-AC0B-698FD93530E3}"
EndProject
Project("{8BC9CEB8-8B4A-11D0-8D11-00A0C91BC942}") = "height", "height\height.vcxproj", "{5E5C43FF-CA34-4177-AFDC-8179690CC6C4}"
EndProject
Project("{8BC9CEB8-8B4A-11D0-8D11-00A0C91BC942}") = "mjehuric", "mjehuric\mjehuric.vcxproj", "{160AC251-F8A1-4A8C-9FE0-7CA6B082527D}"
EndProject
Project("{8BC9CEB8-8B4A-11D0-8D11-00A0C91BC942}") = "sidewayssorting", "sidewayssorting\sidewayssorting.vcxproj", "{84F9C103-8F6A-4035-BDCA-9E98B7425B35}"
EndProject
Project("{8BC9CEB8-8B4A-11D0-8D11-00A0C91BC942}") = "sortofsorting", "sortofsorting\sortofsorting.vcxproj", "{35B5DAC0-996C-44F1-86E0-2EC74AEAC23C}"
EndProject
Project("{8BC9CEB8-8B4A-11D0-8D11-00A0C91BC942}") = "p1610", "1610\1610.vcxproj", "{9EEC9D44-C8F8-4A51-AC3E-C1EEDB260E57}"
EndProject
Project("{8BC9CEB8-8B4A-11D0-8D11-00A0C91BC942}") = "p10258", "10258\10258.vcxproj", "{2CE124B9-9479-4C95-A980-F3CC5A8A1F43}"
EndProject
Project("{2150E333-8FDC-42A3-9474-1A3956D46DE8}") = "Solution Items", "Solution Items", "{AB002D11-B304-45CA-8688-5A87772BB633}"
	ProjectSection(SolutionItems) = preProject
		string_trim.cpp = string_trim.cpp
	EndProjectSection
EndProject
Project("{8BC9CEB8-8B4A-11D0-8D11-00A0C91BC942}") = "p11321", "11321\11321.vcxproj", "{FB378ADC-F5DE-40D8-9903-2D50FB606C23}"
EndProject
Project("{8BC9CEB8-8B4A-11D0-8D11-00A0C91BC942}") = "classy", "classy\classy.vcxproj", "{42DC9295-62B1-420A-B235-77818D2A78B7}"
EndProject
Project("{8BC9CEB8-8B4A-11D0-8D11-00A0C91BC942}") = "dyslectionary", "dyslectionary\dyslectionary.vcxproj", "{8E85C9C1-7D2D-4C05-99FD-30AE069DF115}"
EndProject
Project("{8BC9CEB8-8B4A-11D0-8D11-00A0C91BC942}") = "musicyourway", "musicyourway\musicyourway.vcxproj", "{518CBC23-0AB7-4436-9AE5-17DD23478CF2}"
EndProject
Project("{8BC9CEB8-8B4A-11D0-8D11-00A0C91BC942}") = "p11462", "p11462\p11462.vcxproj", "{24240A60-B4C1-4989-B5DB-DCA722D0427E}"
EndProject
Project("{8BC9CEB8-8B4A-11D0-8D11-00A0C91BC942}") = "p612", "p612\p612.vcxproj", "{B29726F2-320F-436D-B7EF-11C66A73A8D1}"
EndProject
Project("{8BC9CEB8-8B4A-11D0-8D11-00A0C91BC942}") = "p11495", "p11495\p11495.vcxproj", "{FFF3752B-1F8C-4D26-A97C-9839F043F956}"
EndProject
Project("{8BC9CEB8-8B4A-11D0-8D11-00A0C91BC942}") = "p13212", "p13212\p13212.vcxproj", "{F20DD4DD-2B34-4BEC-8364-52AA3EBA5843}"
EndProject
Project("{8BC9CEB8-8B4A-11D0-8D11-00A0C91BC942}") = "bread", "bread\bread.vcxproj", "{21805375-3DDD-484C-831A-D44284414BCA}"
EndProject
Project("{8BC9CEB8-8B4A-11D0-8D11-00A0C91BC942}") = "magicsequence", "magicsequence\magicsequence.vcxproj", "{0EFBDFCC-5A4E-49EA-93AF-1ED114987C52}"
EndProject
Project("{8BC9CEB8-8B4A-11D0-8D11-00A0C91BC942}") = "mali", "mali\mali.vcxproj", "{EFFE5BD8-2E00-40A1-96B6-7A77B98C4B6F}"
EndProject
Project("{8BC9CEB8-8B4A-11D0-8D11-00A0C91BC942}") = "radix_sort", "radix_sort\radix_sort.vcxproj", "{C4F4F2BF-B11C-44C4-A31B-5ECA7258DD0B}"
EndProject
Project("{8BC9CEB8-8B4A-11D0-8D11-00A0C91BC942}") = "kingofpower", "kingofpower\kingofpower.vcxproj", "{89FE3643-38AB-499C-8815-4D037025E5D6}"
EndProject
Project("{8BC9CEB8-8B4A-11D0-8D11-00A0C91BC942}") = "p11933", "p11933\p11933.vcxproj", "{0C9AD258-90E3-47C2-BD4E-D782B711C234}"
EndProject
Global
	GlobalSection(SolutionConfigurationPlatforms) = preSolution
		Debug|x64 = Debug|x64
		Debug|x86 = Debug|x86
		Release|x64 = Release|x64
		Release|x86 = Release|x86
	EndGlobalSection
	GlobalSection(ProjectConfigurationPlatforms) = postSolution
		{0CD73062-78A7-40F8-AABE-C048DB374A1C}.Debug|x64.ActiveCfg = Debug|x64
		{0CD73062-78A7-40F8-AABE-C048DB374A1C}.Debug|x64.Build.0 = Debug|x64
		{0CD73062-78A7-40F8-AABE-C048DB374A1C}.Debug|x86.ActiveCfg = Debug|Win32
		{0CD73062-78A7-40F8-AABE-C048DB374A1C}.Debug|x86.Build.0 = Debug|Win32
		{0CD73062-78A7-40F8-AABE-C048DB374A1C}.Release|x64.ActiveCfg = Release|x64
		{0CD73062-78A7-40F8-AABE-C048DB374A1C}.Release|x64.Build.0 = Release|x64
		{0CD73062-78A7-40F8-AABE-C048DB374A1C}.Release|x86.ActiveCfg = Release|Win32
		{0CD73062-78A7-40F8-AABE-C048DB374A1C}.Release|x86.Build.0 = Release|Win32
		{00179D8C-9D45-4E1C-A251-4C928D8B4DD1}.Debug|x64.ActiveCfg = Debug|x64
		{00179D8C-9D45-4E1C-A251-4C928D8B4DD1}.Debug|x64.Build.0 = Debug|x64
		{00179D8C-9D45-4E1C-A251-4C928D8B4DD1}.Debug|x86.ActiveCfg = Debug|Win32
		{00179D8C-9D45-4E1C-A251-4C928D8B4DD1}.Debug|x86.Build.0 = Debug|Win32
		{00179D8C-9D45-4E1C-A251-4C928D8B4DD1}.Release|x64.ActiveCfg = Release|x64
		{00179D8C-9D45-4E1C-A251-4C928D8B4DD1}.Release|x64.Build.0 = Release|x64
		{00179D8C-9D45-4E1C-A251-4C928D8B4DD1}.Release|x86.ActiveCfg = Release|Win32
		{00179D8C-9D45-4E1C-A251-4C928D8B4DD1}.Release|x86.Build.0 = Release|Win32
		{6F9721CF-DC26-4865-ABD8-D7ADE21122B7}.Debug|x64.ActiveCfg = Debug|x64
		{6F9721CF-DC26-4865-ABD8-D7ADE21122B7}.Debug|x64.Build.0 = Debug|x64
		{6F9721CF-DC26-4865-ABD8-D7ADE21122B7}.Debug|x86.ActiveCfg = Debug|Win32
		{6F9721CF-DC26-4865-ABD8-D7ADE21122B7}.Debug|x86.Build.0 = Debug|Win32
		{6F9721CF-DC26-4865-ABD8-D7ADE21122B7}.Release|x64.ActiveCfg = Release|x64
		{6F9721CF-DC26-4865-ABD8-D7ADE21122B7}.Release|x64.Build.0 = Release|x64
		{6F9721CF-DC26-4865-ABD8-D7ADE21122B7}.Release|x86.ActiveCfg = Release|Win32
		{6F9721CF-DC26-4865-ABD8-D7ADE21122B7}.Release|x86.Build.0 = Release|Win32
		{0A616D87-2E8F-49DC-A4A3-604E135E74CF}.Debug|x64.ActiveCfg = Debug|x64
		{0A616D87-2E8F-49DC-A4A3-604E135E74CF}.Debug|x64.Build.0 = Debug|x64
		{0A616D87-2E8F-49DC-A4A3-604E135E74CF}.Debug|x86.ActiveCfg = Debug|Win32
		{0A616D87-2E8F-49DC-A4A3-604E135E74CF}.Debug|x86.Build.0 = Debug|Win32
		{0A616D87-2E8F-49DC-A4A3-604E135E74CF}.Release|x64.ActiveCfg = Release|x64
		{0A616D87-2E8F-49DC-A4A3-604E135E74CF}.Release|x64.Build.0 = Release|x64
		{0A616D87-2E8F-49DC-A4A3-604E135E74CF}.Release|x86.ActiveCfg = Release|Win32
		{0A616D87-2E8F-49DC-A4A3-604E135E74CF}.Release|x86.Build.0 = Release|Win32
		{1F2679DF-10A5-495C-942E-BF83BCD20F41}.Debug|x64.ActiveCfg = Debug|x64
		{1F2679DF-10A5-495C-942E-BF83BCD20F41}.Debug|x64.Build.0 = Debug|x64
		{1F2679DF-10A5-495C-942E-BF83BCD20F41}.Debug|x86.ActiveCfg = Debug|Win32
		{1F2679DF-10A5-495C-942E-BF83BCD20F41}.Debug|x86.Build.0 = Debug|Win32
		{1F2679DF-10A5-495C-942E-BF83BCD20F41}.Release|x64.ActiveCfg = Release|x64
		{1F2679DF-10A5-495C-942E-BF83BCD20F41}.Release|x64.Build.0 = Release|x64
		{1F2679DF-10A5-495C-942E-BF83BCD20F41}.Release|x86.ActiveCfg = Release|Win32
		{1F2679DF-10A5-495C-942E-BF83BCD20F41}.Release|x86.Build.0 = Release|Win32
		{D41C2ED2-C073-452B-9356-DE4454D89535}.Debug|x64.ActiveCfg = Debug|x64
		{D41C2ED2-C073-452B-9356-DE4454D89535}.Debug|x64.Build.0 = Debug|x64
		{D41C2ED2-C073-452B-9356-DE4454D89535}.Debug|x86.ActiveCfg = Debug|Win32
		{D41C2ED2-C073-452B-9356-DE4454D89535}.Debug|x86.Build.0 = Debug|Win32
		{D41C2ED2-C073-452B-9356-DE4454D89535}.Release|x64.ActiveCfg = Release|x64
		{D41C2ED2-C073-452B-9356-DE4454D89535}.Release|x64.Build.0 = Release|x64
		{D41C2ED2-C073-452B-9356-DE4454D89535}.Release|x86.ActiveCfg = Release|Win32
		{D41C2ED2-C073-452B-9356-DE4454D89535}.Release|x86.Build.0 = Release|Win32
		{21861072-AB92-47EC-A330-DBF3949F59BD}.Debug|x64.ActiveCfg = Debug|x64
		{21861072-AB92-47EC-A330-DBF3949F59BD}.Debug|x64.Build.0 = Debug|x64
		{21861072-AB92-47EC-A330-DBF3949F59BD}.Debug|x86.ActiveCfg = Debug|Win32
		{21861072-AB92-47EC-A330-DBF3949F59BD}.Debug|x86.Build.0 = Debug|Win32
		{21861072-AB92-47EC-A330-DBF3949F59BD}.Release|x64.ActiveCfg = Release|x64
		{21861072-AB92-47EC-A330-DBF3949F59BD}.Release|x64.Build.0 = Release|x64
		{21861072-AB92-47EC-A330-DBF3949F59BD}.Release|x86.ActiveCfg = Release|Win32
		{21861072-AB92-47EC-A330-DBF3949F59BD}.Release|x86.Build.0 = Release|Win32
		{8C9C1810-41FD-4DBE-AFA7-A5A6C892D9F3}.Debug|x64.ActiveCfg = Debug|x64
		{8C9C1810-41FD-4DBE-AFA7-A5A6C892D9F3}.Debug|x64.Build.0 = Debug|x64
		{8C9C1810-41FD-4DBE-AFA7-A5A6C892D9F3}.Debug|x86.ActiveCfg = Debug|Win32
		{8C9C1810-41FD-4DBE-AFA7-A5A6C892D9F3}.Debug|x86.Build.0 = Debug|Win32
		{8C9C1810-41FD-4DBE-AFA7-A5A6C892D9F3}.Release|x64.ActiveCfg = Release|x64
		{8C9C1810-41FD-4DBE-AFA7-A5A6C892D9F3}.Release|x64.Build.0 = Release|x64
		{8C9C1810-41FD-4DBE-AFA7-A5A6C892D9F3}.Release|x86.ActiveCfg = Release|Win32
		{8C9C1810-41FD-4DBE-AFA7-A5A6C892D9F3}.Release|x86.Build.0 = Release|Win32
		{65E4D6B7-A37B-45DE-9967-312B546E1DA8}.Debug|x64.ActiveCfg = Debug|x64
		{65E4D6B7-A37B-45DE-9967-312B546E1DA8}.Debug|x64.Build.0 = Debug|x64
		{65E4D6B7-A37B-45DE-9967-312B546E1DA8}.Debug|x86.ActiveCfg = Debug|Win32
		{65E4D6B7-A37B-45DE-9967-312B546E1DA8}.Debug|x86.Build.0 = Debug|Win32
		{65E4D6B7-A37B-45DE-9967-312B546E1DA8}.Release|x64.ActiveCfg = Release|x64
		{65E4D6B7-A37B-45DE-9967-312B546E1DA8}.Release|x64.Build.0 = Release|x64
		{65E4D6B7-A37B-45DE-9967-312B546E1DA8}.Release|x86.ActiveCfg = Release|Win32
		{65E4D6B7-A37B-45DE-9967-312B546E1DA8}.Release|x86.Build.0 = Release|Win32
		{B99F66EC-D7D3-46BE-90F4-B8133A5FF14F}.Debug|x64.ActiveCfg = Debug|x64
		{B99F66EC-D7D3-46BE-90F4-B8133A5FF14F}.Debug|x64.Build.0 = Debug|x64
		{B99F66EC-D7D3-46BE-90F4-B8133A5FF14F}.Debug|x86.ActiveCfg = Debug|Win32
		{B99F66EC-D7D3-46BE-90F4-B8133A5FF14F}.Debug|x86.Build.0 = Debug|Win32
		{B99F66EC-D7D3-46BE-90F4-B8133A5FF14F}.Release|x64.ActiveCfg = Release|x64
		{B99F66EC-D7D3-46BE-90F4-B8133A5FF14F}.Release|x64.Build.0 = Release|x64
		{B99F66EC-D7D3-46BE-90F4-B8133A5FF14F}.Release|x86.ActiveCfg = Release|Win32
		{B99F66EC-D7D3-46BE-90F4-B8133A5FF14F}.Release|x86.Build.0 = Release|Win32
		{F9CF1541-9985-4EFA-BD45-77DE247D9C9D}.Debug|x64.ActiveCfg = Debug|x64
		{F9CF1541-9985-4EFA-BD45-77DE247D9C9D}.Debug|x64.Build.0 = Debug|x64
		{F9CF1541-9985-4EFA-BD45-77DE247D9C9D}.Debug|x86.ActiveCfg = Debug|Win32
		{F9CF1541-9985-4EFA-BD45-77DE247D9C9D}.Debug|x86.Build.0 = Debug|Win32
		{F9CF1541-9985-4EFA-BD45-77DE247D9C9D}.Release|x64.ActiveCfg = Release|x64
		{F9CF1541-9985-4EFA-BD45-77DE247D9C9D}.Release|x64.Build.0 = Release|x64
		{F9CF1541-9985-4EFA-BD45-77DE247D9C9D}.Release|x86.ActiveCfg = Release|Win32
		{F9CF1541-9985-4EFA-BD45-77DE247D9C9D}.Release|x86.Build.0 = Release|Win32
		{6AA972D9-9D64-43D6-9A2C-7818C0DF59A8}.Debug|x64.ActiveCfg = Debug|x64
		{6AA972D9-9D64-43D6-9A2C-7818C0DF59A8}.Debug|x64.Build.0 = Debug|x64
		{6AA972D9-9D64-43D6-9A2C-7818C0DF59A8}.Debug|x86.ActiveCfg = Debug|Win32
		{6AA972D9-9D64-43D6-9A2C-7818C0DF59A8}.Debug|x86.Build.0 = Debug|Win32
		{6AA972D9-9D64-43D6-9A2C-7818C0DF59A8}.Release|x64.ActiveCfg = Release|x64
		{6AA972D9-9D64-43D6-9A2C-7818C0DF59A8}.Release|x64.Build.0 = Release|x64
		{6AA972D9-9D64-43D6-9A2C-7818C0DF59A8}.Release|x86.ActiveCfg = Release|Win32
		{6AA972D9-9D64-43D6-9A2C-7818C0DF59A8}.Release|x86.Build.0 = Release|Win32
		{D1176A00-612F-4F6E-A3EA-67DBF8F2F0CD}.Debug|x64.ActiveCfg = Debug|x64
		{D1176A00-612F-4F6E-A3EA-67DBF8F2F0CD}.Debug|x64.Build.0 = Debug|x64
		{D1176A00-612F-4F6E-A3EA-67DBF8F2F0CD}.Debug|x86.ActiveCfg = Debug|Win32
		{D1176A00-612F-4F6E-A3EA-67DBF8F2F0CD}.Debug|x86.Build.0 = Debug|Win32
		{D1176A00-612F-4F6E-A3EA-67DBF8F2F0CD}.Release|x64.ActiveCfg = Release|x64
		{D1176A00-612F-4F6E-A3EA-67DBF8F2F0CD}.Release|x64.Build.0 = Release|x64
		{D1176A00-612F-4F6E-A3EA-67DBF8F2F0CD}.Release|x86.ActiveCfg = Release|Win32
		{D1176A00-612F-4F6E-A3EA-67DBF8F2F0CD}.Release|x86.Build.0 = Release|Win32
		{36BEE8B9-1BE1-4E9C-BD3E-635C825DA206}.Debug|x64.ActiveCfg = Debug|x64
		{36BEE8B9-1BE1-4E9C-BD3E-635C825DA206}.Debug|x64.Build.0 = Debug|x64
		{36BEE8B9-1BE1-4E9C-BD3E-635C825DA206}.Debug|x86.ActiveCfg = Debug|Win32
		{36BEE8B9-1BE1-4E9C-BD3E-635C825DA206}.Debug|x86.Build.0 = Debug|Win32
		{36BEE8B9-1BE1-4E9C-BD3E-635C825DA206}.Release|x64.ActiveCfg = Release|x64
		{36BEE8B9-1BE1-4E9C-BD3E-635C825DA206}.Release|x64.Build.0 = Release|x64
		{36BEE8B9-1BE1-4E9C-BD3E-635C825DA206}.Release|x86.ActiveCfg = Release|Win32
		{36BEE8B9-1BE1-4E9C-BD3E-635C825DA206}.Release|x86.Build.0 = Release|Win32
		{30745E96-C1A7-44FE-B467-C85D40731A89}.Debug|x64.ActiveCfg = Debug|x64
		{30745E96-C1A7-44FE-B467-C85D40731A89}.Debug|x64.Build.0 = Debug|x64
		{30745E96-C1A7-44FE-B467-C85D40731A89}.Debug|x86.ActiveCfg = Debug|Win32
		{30745E96-C1A7-44FE-B467-C85D40731A89}.Debug|x86.Build.0 = Debug|Win32
		{30745E96-C1A7-44FE-B467-C85D40731A89}.Release|x64.ActiveCfg = Release|x64
		{30745E96-C1A7-44FE-B467-C85D40731A89}.Release|x64.Build.0 = Release|x64
		{30745E96-C1A7-44FE-B467-C85D40731A89}.Release|x86.ActiveCfg = Release|Win32
		{30745E96-C1A7-44FE-B467-C85D40731A89}.Release|x86.Build.0 = Release|Win32
		{467DC505-1A28-4F47-A050-B819D640D92F}.Debug|x64.ActiveCfg = Debug|x64
		{467DC505-1A28-4F47-A050-B819D640D92F}.Debug|x64.Build.0 = Debug|x64
		{467DC505-1A28-4F47-A050-B819D640D92F}.Debug|x86.ActiveCfg = Debug|Win32
		{467DC505-1A28-4F47-A050-B819D640D92F}.Debug|x86.Build.0 = Debug|Win32
		{467DC505-1A28-4F47-A050-B819D640D92F}.Release|x64.ActiveCfg = Release|x64
		{467DC505-1A28-4F47-A050-B819D640D92F}.Release|x64.Build.0 = Release|x64
		{467DC505-1A28-4F47-A050-B819D640D92F}.Release|x86.ActiveCfg = Release|Win32
		{467DC505-1A28-4F47-A050-B819D640D92F}.Release|x86.Build.0 = Release|Win32
		{8CB6A49B-ADEB-4C56-AFC2-9CFBFF7B155E}.Debug|x64.ActiveCfg = Debug|x64
		{8CB6A49B-ADEB-4C56-AFC2-9CFBFF7B155E}.Debug|x64.Build.0 = Debug|x64
		{8CB6A49B-ADEB-4C56-AFC2-9CFBFF7B155E}.Debug|x86.ActiveCfg = Debug|Win32
		{8CB6A49B-ADEB-4C56-AFC2-9CFBFF7B155E}.Debug|x86.Build.0 = Debug|Win32
		{8CB6A49B-ADEB-4C56-AFC2-9CFBFF7B155E}.Release|x64.ActiveCfg = Release|x64
		{8CB6A49B-ADEB-4C56-AFC2-9CFBFF7B155E}.Release|x64.Build.0 = Release|x64
		{8CB6A49B-ADEB-4C56-AFC2-9CFBFF7B155E}.Release|x86.ActiveCfg = Release|Win32
		{8CB6A49B-ADEB-4C56-AFC2-9CFBFF7B155E}.Release|x86.Build.0 = Release|Win32
		{98AE3B89-DE0E-4FEC-B00E-75DBBF324F52}.Debug|x64.ActiveCfg = Debug|x64
		{98AE3B89-DE0E-4FEC-B00E-75DBBF324F52}.Debug|x64.Build.0 = Debug|x64
		{98AE3B89-DE0E-4FEC-B00E-75DBBF324F52}.Debug|x86.ActiveCfg = Debug|Win32
		{98AE3B89-DE0E-4FEC-B00E-75DBBF324F52}.Debug|x86.Build.0 = Debug|Win32
		{98AE3B89-DE0E-4FEC-B00E-75DBBF324F52}.Release|x64.ActiveCfg = Release|x64
		{98AE3B89-DE0E-4FEC-B00E-75DBBF324F52}.Release|x64.Build.0 = Release|x64
		{98AE3B89-DE0E-4FEC-B00E-75DBBF324F52}.Release|x86.ActiveCfg = Release|Win32
		{98AE3B89-DE0E-4FEC-B00E-75DBBF324F52}.Release|x86.Build.0 = Release|Win32
		{169E74CF-EFCD-4CC1-96B3-7FE9781DA06C}.Debug|x64.ActiveCfg = Debug|x64
		{169E74CF-EFCD-4CC1-96B3-7FE9781DA06C}.Debug|x64.Build.0 = Debug|x64
		{169E74CF-EFCD-4CC1-96B3-7FE9781DA06C}.Debug|x86.ActiveCfg = Debug|Win32
		{169E74CF-EFCD-4CC1-96B3-7FE9781DA06C}.Debug|x86.Build.0 = Debug|Win32
		{169E74CF-EFCD-4CC1-96B3-7FE9781DA06C}.Release|x64.ActiveCfg = Release|x64
		{169E74CF-EFCD-4CC1-96B3-7FE9781DA06C}.Release|x64.Build.0 = Release|x64
		{169E74CF-EFCD-4CC1-96B3-7FE9781DA06C}.Release|x86.ActiveCfg = Release|Win32
		{169E74CF-EFCD-4CC1-96B3-7FE9781DA06C}.Release|x86.Build.0 = Release|Win32
		{2F134CDF-778C-4822-BAC2-D455C8FBC31E}.Debug|x64.ActiveCfg = Debug|x64
		{2F134CDF-778C-4822-BAC2-D455C8FBC31E}.Debug|x64.Build.0 = Debug|x64
		{2F134CDF-778C-4822-BAC2-D455C8FBC31E}.Debug|x86.ActiveCfg = Debug|Win32
		{2F134CDF-778C-4822-BAC2-D455C8FBC31E}.Debug|x86.Build.0 = Debug|Win32
		{2F134CDF-778C-4822-BAC2-D455C8FBC31E}.Release|x64.ActiveCfg = Release|x64
		{2F134CDF-778C-4822-BAC2-D455C8FBC31E}.Release|x64.Build.0 = Release|x64
		{2F134CDF-778C-4822-BAC2-D455C8FBC31E}.Release|x86.ActiveCfg = Release|Win32
		{2F134CDF-778C-4822-BAC2-D455C8FBC31E}.Release|x86.Build.0 = Release|Win32
		{1E681586-540C-4716-90AC-4299CC452D57}.Debug|x64.ActiveCfg = Debug|x64
		{1E681586-540C-4716-90AC-4299CC452D57}.Debug|x64.Build.0 = Debug|x64
		{1E681586-540C-4716-90AC-4299CC452D57}.Debug|x86.ActiveCfg = Debug|Win32
		{1E681586-540C-4716-90AC-4299CC452D57}.Debug|x86.Build.0 = Debug|Win32
		{1E681586-540C-4716-90AC-4299CC452D57}.Release|x64.ActiveCfg = Release|x64
		{1E681586-540C-4716-90AC-4299CC452D57}.Release|x64.Build.0 = Release|x64
		{1E681586-540C-4716-90AC-4299CC452D57}.Release|x86.ActiveCfg = Release|Win32
		{1E681586-540C-4716-90AC-4299CC452D57}.Release|x86.Build.0 = Release|Win32
		{6CA5D538-83B3-4233-AAC1-5490CE041885}.Debug|x64.ActiveCfg = Debug|x64
		{6CA5D538-83B3-4233-AAC1-5490CE041885}.Debug|x64.Build.0 = Debug|x64
		{6CA5D538-83B3-4233-AAC1-5490CE041885}.Debug|x86.ActiveCfg = Debug|Win32
		{6CA5D538-83B3-4233-AAC1-5490CE041885}.Debug|x86.Build.0 = Debug|Win32
		{6CA5D538-83B3-4233-AAC1-5490CE041885}.Release|x64.ActiveCfg = Release|x64
		{6CA5D538-83B3-4233-AAC1-5490CE041885}.Release|x64.Build.0 = Release|x64
		{6CA5D538-83B3-4233-AAC1-5490CE041885}.Release|x86.ActiveCfg = Release|Win32
		{6CA5D538-83B3-4233-AAC1-5490CE041885}.Release|x86.Build.0 = Release|Win32
		{6023DE5D-3390-4423-97A6-EF99679D95D1}.Debug|x64.ActiveCfg = Debug|x64
		{6023DE5D-3390-4423-97A6-EF99679D95D1}.Debug|x64.Build.0 = Debug|x64
		{6023DE5D-3390-4423-97A6-EF99679D95D1}.Debug|x86.ActiveCfg = Debug|Win32
		{6023DE5D-3390-4423-97A6-EF99679D95D1}.Debug|x86.Build.0 = Debug|Win32
		{6023DE5D-3390-4423-97A6-EF99679D95D1}.Release|x64.ActiveCfg = Release|x64
		{6023DE5D-3390-4423-97A6-EF99679D95D1}.Release|x64.Build.0 = Release|x64
		{6023DE5D-3390-4423-97A6-EF99679D95D1}.Release|x86.ActiveCfg = Release|Win32
		{6023DE5D-3390-4423-97A6-EF99679D95D1}.Release|x86.Build.0 = Release|Win32
		{437B4DD5-AE1B-41DF-982B-03E9DAB327EF}.Debug|x64.ActiveCfg = Debug|x64
		{437B4DD5-AE1B-41DF-982B-03E9DAB327EF}.Debug|x64.Build.0 = Debug|x64
		{437B4DD5-AE1B-41DF-982B-03E9DAB327EF}.Debug|x86.ActiveCfg = Debug|Win32
		{437B4DD5-AE1B-41DF-982B-03E9DAB327EF}.Debug|x86.Build.0 = Debug|Win32
		{437B4DD5-AE1B-41DF-982B-03E9DAB327EF}.Release|x64.ActiveCfg = Release|x64
		{437B4DD5-AE1B-41DF-982B-03E9DAB327EF}.Release|x64.Build.0 = Release|x64
		{437B4DD5-AE1B-41DF-982B-03E9DAB327EF}.Release|x86.ActiveCfg = Release|Win32
		{437B4DD5-AE1B-41DF-982B-03E9DAB327EF}.Release|x86.Build.0 = Release|Win32
		{4525E525-06F0-4F47-89C2-E10D01619082}.Debug|x64.ActiveCfg = Debug|x64
		{4525E525-06F0-4F47-89C2-E10D01619082}.Debug|x64.Build.0 = Debug|x64
		{4525E525-06F0-4F47-89C2-E10D01619082}.Debug|x86.ActiveCfg = Debug|Win32
		{4525E525-06F0-4F47-89C2-E10D01619082}.Debug|x86.Build.0 = Debug|Win32
		{4525E525-06F0-4F47-89C2-E10D01619082}.Release|x64.ActiveCfg = Release|x64
		{4525E525-06F0-4F47-89C2-E10D01619082}.Release|x64.Build.0 = Release|x64
		{4525E525-06F0-4F47-89C2-E10D01619082}.Release|x86.ActiveCfg = Release|Win32
		{4525E525-06F0-4F47-89C2-E10D01619082}.Release|x86.Build.0 = Release|Win32
		{00658D89-E62E-4324-A2D6-6E2C423B516F}.Debug|x64.ActiveCfg = Debug|x64
		{00658D89-E62E-4324-A2D6-6E2C423B516F}.Debug|x64.Build.0 = Debug|x64
		{00658D89-E62E-4324-A2D6-6E2C423B516F}.Debug|x86.ActiveCfg = Debug|Win32
		{00658D89-E62E-4324-A2D6-6E2C423B516F}.Debug|x86.Build.0 = Debug|Win32
		{00658D89-E62E-4324-A2D6-6E2C423B516F}.Release|x64.ActiveCfg = Release|x64
		{00658D89-E62E-4324-A2D6-6E2C423B516F}.Release|x64.Build.0 = Release|x64
		{00658D89-E62E-4324-A2D6-6E2C423B516F}.Release|x86.ActiveCfg = Release|Win32
		{00658D89-E62E-4324-A2D6-6E2C423B516F}.Release|x86.Build.0 = Release|Win32
		{E7524E05-01EC-4866-88D3-FD8CE74364C2}.Debug|x64.ActiveCfg = Debug|x64
		{E7524E05-01EC-4866-88D3-FD8CE74364C2}.Debug|x64.Build.0 = Debug|x64
		{E7524E05-01EC-4866-88D3-FD8CE74364C2}.Debug|x86.ActiveCfg = Debug|Win32
		{E7524E05-01EC-4866-88D3-FD8CE74364C2}.Debug|x86.Build.0 = Debug|Win32
		{E7524E05-01EC-4866-88D3-FD8CE74364C2}.Release|x64.ActiveCfg = Release|x64
		{E7524E05-01EC-4866-88D3-FD8CE74364C2}.Release|x64.Build.0 = Release|x64
		{E7524E05-01EC-4866-88D3-FD8CE74364C2}.Release|x86.ActiveCfg = Release|Win32
		{E7524E05-01EC-4866-88D3-FD8CE74364C2}.Release|x86.Build.0 = Release|Win32
		{72D99B50-9650-49AE-87F2-85227DA8BB40}.Debug|x64.ActiveCfg = Debug|x64
		{72D99B50-9650-49AE-87F2-85227DA8BB40}.Debug|x64.Build.0 = Debug|x64
		{72D99B50-9650-49AE-87F2-85227DA8BB40}.Debug|x86.ActiveCfg = Debug|Win32
		{72D99B50-9650-49AE-87F2-85227DA8BB40}.Debug|x86.Build.0 = Debug|Win32
		{72D99B50-9650-49AE-87F2-85227DA8BB40}.Release|x64.ActiveCfg = Release|x64
		{72D99B50-9650-49AE-87F2-85227DA8BB40}.Release|x64.Build.0 = Release|x64
		{72D99B50-9650-49AE-87F2-85227DA8BB40}.Release|x86.ActiveCfg = Release|Win32
		{72D99B50-9650-49AE-87F2-85227DA8BB40}.Release|x86.Build.0 = Release|Win32
		{F6104F8C-E5B3-4DF4-A8F0-CA667418E355}.Debug|x64.ActiveCfg = Debug|x64
		{F6104F8C-E5B3-4DF4-A8F0-CA667418E355}.Debug|x64.Build.0 = Debug|x64
		{F6104F8C-E5B3-4DF4-A8F0-CA667418E355}.Debug|x86.ActiveCfg = Debug|Win32
		{F6104F8C-E5B3-4DF4-A8F0-CA667418E355}.Debug|x86.Build.0 = Debug|Win32
		{F6104F8C-E5B3-4DF4-A8F0-CA667418E355}.Release|x64.ActiveCfg = Release|x64
		{F6104F8C-E5B3-4DF4-A8F0-CA667418E355}.Release|x64.Build.0 = Release|x64
		{F6104F8C-E5B3-4DF4-A8F0-CA667418E355}.Release|x86.ActiveCfg = Release|Win32
		{F6104F8C-E5B3-4DF4-A8F0-CA667418E355}.Release|x86.Build.0 = Release|Win32
		{52058A82-0D5D-4E6A-8DB4-2E701ABD9555}.Debug|x64.ActiveCfg = Debug|x64
		{52058A82-0D5D-4E6A-8DB4-2E701ABD9555}.Debug|x64.Build.0 = Debug|x64
		{52058A82-0D5D-4E6A-8DB4-2E701ABD9555}.Debug|x86.ActiveCfg = Debug|Win32
		{52058A82-0D5D-4E6A-8DB4-2E701ABD9555}.Debug|x86.Build.0 = Debug|Win32
		{52058A82-0D5D-4E6A-8DB4-2E701ABD9555}.Release|x64.ActiveCfg = Release|x64
		{52058A82-0D5D-4E6A-8DB4-2E701ABD9555}.Release|x64.Build.0 = Release|x64
		{52058A82-0D5D-4E6A-8DB4-2E701ABD9555}.Release|x86.ActiveCfg = Release|Win32
		{52058A82-0D5D-4E6A-8DB4-2E701ABD9555}.Release|x86.Build.0 = Release|Win32
		{EB9A1E56-28C4-40AE-AA1D-B596D477A820}.Debug|x64.ActiveCfg = Debug|x64
		{EB9A1E56-28C4-40AE-AA1D-B596D477A820}.Debug|x64.Build.0 = Debug|x64
		{EB9A1E56-28C4-40AE-AA1D-B596D477A820}.Debug|x86.ActiveCfg = Debug|Win32
		{EB9A1E56-28C4-40AE-AA1D-B596D477A820}.Debug|x86.Build.0 = Debug|Win32
		{EB9A1E56-28C4-40AE-AA1D-B596D477A820}.Release|x64.ActiveCfg = Release|x64
		{EB9A1E56-28C4-40AE-AA1D-B596D477A820}.Release|x64.Build.0 = Release|x64
		{EB9A1E56-28C4-40AE-AA1D-B596D477A820}.Release|x86.ActiveCfg = Release|Win32
		{EB9A1E56-28C4-40AE-AA1D-B596D477A820}.Release|x86.Build.0 = Release|Win32
		{3B84C1D1-5008-4E20-B9C7-B846E2471989}.Debug|x64.ActiveCfg = Debug|x64
		{3B84C1D1-5008-4E20-B9C7-B846E2471989}.Debug|x64.Build.0 = Debug|x64
		{3B84C1D1-5008-4E20-B9C7-B846E2471989}.Debug|x86.ActiveCfg = Debug|Win32
		{3B84C1D1-5008-4E20-B9C7-B846E2471989}.Debug|x86.Build.0 = Debug|Win32
		{3B84C1D1-5008-4E20-B9C7-B846E2471989}.Release|x64.ActiveCfg = Release|x64
		{3B84C1D1-5008-4E20-B9C7-B846E2471989}.Release|x64.Build.0 = Release|x64
		{3B84C1D1-5008-4E20-B9C7-B846E2471989}.Release|x86.ActiveCfg = Release|Win32
		{3B84C1D1-5008-4E20-B9C7-B846E2471989}.Release|x86.Build.0 = Release|Win32
		{8B90C564-1479-42E4-8AB1-2F49EF773F22}.Debug|x64.ActiveCfg = Debug|x64
		{8B90C564-1479-42E4-8AB1-2F49EF773F22}.Debug|x64.Build.0 = Debug|x64
		{8B90C564-1479-42E4-8AB1-2F49EF773F22}.Debug|x86.ActiveCfg = Debug|Win32
		{8B90C564-1479-42E4-8AB1-2F49EF773F22}.Debug|x86.Build.0 = Debug|Win32
		{8B90C564-1479-42E4-8AB1-2F49EF773F22}.Release|x64.ActiveCfg = Release|x64
		{8B90C564-1479-42E4-8AB1-2F49EF773F22}.Release|x64.Build.0 = Release|x64
		{8B90C564-1479-42E4-8AB1-2F49EF773F22}.Release|x86.ActiveCfg = Release|Win32
		{8B90C564-1479-42E4-8AB1-2F49EF773F22}.Release|x86.Build.0 = Release|Win32
		{1C481B80-F4DA-45B2-948C-1461932FCAEA}.Debug|x64.ActiveCfg = Debug|x64
		{1C481B80-F4DA-45B2-948C-1461932FCAEA}.Debug|x64.Build.0 = Debug|x64
		{1C481B80-F4DA-45B2-948C-1461932FCAEA}.Debug|x86.ActiveCfg = Debug|Win32
		{1C481B80-F4DA-45B2-948C-1461932FCAEA}.Debug|x86.Build.0 = Debug|Win32
		{1C481B80-F4DA-45B2-948C-1461932FCAEA}.Release|x64.ActiveCfg = Release|x64
		{1C481B80-F4DA-45B2-948C-1461932FCAEA}.Release|x64.Build.0 = Release|x64
		{1C481B80-F4DA-45B2-948C-1461932FCAEA}.Release|x86.ActiveCfg = Release|Win32
		{1C481B80-F4DA-45B2-948C-1461932FCAEA}.Release|x86.Build.0 = Release|Win32
		{B7653A2E-A000-4885-BA56-46AF26F30A4D}.Debug|x64.ActiveCfg = Debug|x64
		{B7653A2E-A000-4885-BA56-46AF26F30A4D}.Debug|x64.Build.0 = Debug|x64
		{B7653A2E-A000-4885-BA56-46AF26F30A4D}.Debug|x86.ActiveCfg = Debug|Win32
		{B7653A2E-A000-4885-BA56-46AF26F30A4D}.Debug|x86.Build.0 = Debug|Win32
		{B7653A2E-A000-4885-BA56-46AF26F30A4D}.Release|x64.ActiveCfg = Release|x64
		{B7653A2E-A000-4885-BA56-46AF26F30A4D}.Release|x64.Build.0 = Release|x64
		{B7653A2E-A000-4885-BA56-46AF26F30A4D}.Release|x86.ActiveCfg = Release|Win32
		{B7653A2E-A000-4885-BA56-46AF26F30A4D}.Release|x86.Build.0 = Release|Win32
		{0B4AEF89-174A-4305-884A-3DEAE7036898}.Debug|x64.ActiveCfg = Debug|x64
		{0B4AEF89-174A-4305-884A-3DEAE7036898}.Debug|x64.Build.0 = Debug|x64
		{0B4AEF89-174A-4305-884A-3DEAE7036898}.Debug|x86.ActiveCfg = Debug|Win32
		{0B4AEF89-174A-4305-884A-3DEAE7036898}.Debug|x86.Build.0 = Debug|Win32
		{0B4AEF89-174A-4305-884A-3DEAE7036898}.Release|x64.ActiveCfg = Release|x64
		{0B4AEF89-174A-4305-884A-3DEAE7036898}.Release|x64.Build.0 = Release|x64
		{0B4AEF89-174A-4305-884A-3DEAE7036898}.Release|x86.ActiveCfg = Release|Win32
		{0B4AEF89-174A-4305-884A-3DEAE7036898}.Release|x86.Build.0 = Release|Win32
		{47B468DD-ED49-4292-BAD9-688003CC2B2F}.Debug|x64.ActiveCfg = Debug|x64
		{47B468DD-ED49-4292-BAD9-688003CC2B2F}.Debug|x64.Build.0 = Debug|x64
		{47B468DD-ED49-4292-BAD9-688003CC2B2F}.Debug|x86.ActiveCfg = Debug|Win32
		{47B468DD-ED49-4292-BAD9-688003CC2B2F}.Debug|x86.Build.0 = Debug|Win32
		{47B468DD-ED49-4292-BAD9-688003CC2B2F}.Release|x64.ActiveCfg = Release|x64
		{47B468DD-ED49-4292-BAD9-688003CC2B2F}.Release|x64.Build.0 = Release|x64
		{47B468DD-ED49-4292-BAD9-688003CC2B2F}.Release|x86.ActiveCfg = Release|Win32
		{47B468DD-ED49-4292-BAD9-688003CC2B2F}.Release|x86.Build.0 = Release|Win32
		{C57F0B9A-A52A-4AC3-8AB6-9CBAF9FDAF4C}.Debug|x64.ActiveCfg = Debug|x64
		{C57F0B9A-A52A-4AC3-8AB6-9CBAF9FDAF4C}.Debug|x64.Build.0 = Debug|x64
		{C57F0B9A-A52A-4AC3-8AB6-9CBAF9FDAF4C}.Debug|x86.ActiveCfg = Debug|Win32
		{C57F0B9A-A52A-4AC3-8AB6-9CBAF9FDAF4C}.Debug|x86.Build.0 = Debug|Win32
		{C57F0B9A-A52A-4AC3-8AB6-9CBAF9FDAF4C}.Release|x64.ActiveCfg = Release|x64
		{C57F0B9A-A52A-4AC3-8AB6-9CBAF9FDAF4C}.Release|x64.Build.0 = Release|x64
		{C57F0B9A-A52A-4AC3-8AB6-9CBAF9FDAF4C}.Release|x86.ActiveCfg = Release|Win32
		{C57F0B9A-A52A-4AC3-8AB6-9CBAF9FDAF4C}.Release|x86.Build.0 = Release|Win32
		{4A9BEFDE-43E7-4B9A-ABFC-9ED86243FCFC}.Debug|x64.ActiveCfg = Debug|x64
		{4A9BEFDE-43E7-4B9A-ABFC-9ED86243FCFC}.Debug|x64.Build.0 = Debug|x64
		{4A9BEFDE-43E7-4B9A-ABFC-9ED86243FCFC}.Debug|x86.ActiveCfg = Debug|Win32
		{4A9BEFDE-43E7-4B9A-ABFC-9ED86243FCFC}.Debug|x86.Build.0 = Debug|Win32
		{4A9BEFDE-43E7-4B9A-ABFC-9ED86243FCFC}.Release|x64.ActiveCfg = Release|x64
		{4A9BEFDE-43E7-4B9A-ABFC-9ED86243FCFC}.Release|x64.Build.0 = Release|x64
		{4A9BEFDE-43E7-4B9A-ABFC-9ED86243FCFC}.Release|x86.ActiveCfg = Release|Win32
		{4A9BEFDE-43E7-4B9A-ABFC-9ED86243FCFC}.Release|x86.Build.0 = Release|Win32
		{1F9082DE-FD5E-4F69-BCF5-0FA39A9ABD5E}.Debug|x64.ActiveCfg = Debug|x64
		{1F9082DE-FD5E-4F69-BCF5-0FA39A9ABD5E}.Debug|x64.Build.0 = Debug|x64
		{1F9082DE-FD5E-4F69-BCF5-0FA39A9ABD5E}.Debug|x86.ActiveCfg = Debug|Win32
		{1F9082DE-FD5E-4F69-BCF5-0FA39A9ABD5E}.Debug|x86.Build.0 = Debug|Win32
		{1F9082DE-FD5E-4F69-BCF5-0FA39A9ABD5E}.Release|x64.ActiveCfg = Release|x64
		{1F9082DE-FD5E-4F69-BCF5-0FA39A9ABD5E}.Release|x64.Build.0 = Release|x64
		{1F9082DE-FD5E-4F69-BCF5-0FA39A9ABD5E}.Release|x86.ActiveCfg = Release|Win32
		{1F9082DE-FD5E-4F69-BCF5-0FA39A9ABD5E}.Release|x86.Build.0 = Release|Win32
		{E4059515-1A20-4356-8B05-A009A9649DC9}.Debug|x64.ActiveCfg = Debug|x64
		{E4059515-1A20-4356-8B05-A009A9649DC9}.Debug|x64.Build.0 = Debug|x64
		{E4059515-1A20-4356-8B05-A009A9649DC9}.Debug|x86.ActiveCfg = Debug|Win32
		{E4059515-1A20-4356-8B05-A009A9649DC9}.Debug|x86.Build.0 = Debug|Win32
		{E4059515-1A20-4356-8B05-A009A9649DC9}.Release|x64.ActiveCfg = Release|x64
		{E4059515-1A20-4356-8B05-A009A9649DC9}.Release|x64.Build.0 = Release|x64
		{E4059515-1A20-4356-8B05-A009A9649DC9}.Release|x86.ActiveCfg = Release|Win32
		{E4059515-1A20-4356-8B05-A009A9649DC9}.Release|x86.Build.0 = Release|Win32
		{65B9B61C-A44E-4C64-8BA6-978845B883FD}.Debug|x64.ActiveCfg = Debug|x64
		{65B9B61C-A44E-4C64-8BA6-978845B883FD}.Debug|x64.Build.0 = Debug|x64
		{65B9B61C-A44E-4C64-8BA6-978845B883FD}.Debug|x86.ActiveCfg = Debug|Win32
		{65B9B61C-A44E-4C64-8BA6-978845B883FD}.Debug|x86.Build.0 = Debug|Win32
		{65B9B61C-A44E-4C64-8BA6-978845B883FD}.Release|x64.ActiveCfg = Release|x64
		{65B9B61C-A44E-4C64-8BA6-978845B883FD}.Release|x64.Build.0 = Release|x64
		{65B9B61C-A44E-4C64-8BA6-978845B883FD}.Release|x86.ActiveCfg = Release|Win32
		{65B9B61C-A44E-4C64-8BA6-978845B883FD}.Release|x86.Build.0 = Release|Win32
		{ACD8B99E-8AAB-4707-B6E5-D9F0C5D51640}.Debug|x64.ActiveCfg = Debug|x64
		{ACD8B99E-8AAB-4707-B6E5-D9F0C5D51640}.Debug|x64.Build.0 = Debug|x64
		{ACD8B99E-8AAB-4707-B6E5-D9F0C5D51640}.Debug|x86.ActiveCfg = Debug|Win32
		{ACD8B99E-8AAB-4707-B6E5-D9F0C5D51640}.Debug|x86.Build.0 = Debug|Win32
		{ACD8B99E-8AAB-4707-B6E5-D9F0C5D51640}.Release|x64.ActiveCfg = Release|x64
		{ACD8B99E-8AAB-4707-B6E5-D9F0C5D51640}.Release|x64.Build.0 = Release|x64
		{ACD8B99E-8AAB-4707-B6E5-D9F0C5D51640}.Release|x86.ActiveCfg = Release|Win32
		{ACD8B99E-8AAB-4707-B6E5-D9F0C5D51640}.Release|x86.Build.0 = Release|Win32
		{B1037208-0575-47D1-AED9-73F6F858B648}.Debug|x64.ActiveCfg = Debug|x64
		{B1037208-0575-47D1-AED9-73F6F858B648}.Debug|x64.Build.0 = Debug|x64
		{B1037208-0575-47D1-AED9-73F6F858B648}.Debug|x86.ActiveCfg = Debug|Win32
		{B1037208-0575-47D1-AED9-73F6F858B648}.Debug|x86.Build.0 = Debug|Win32
		{B1037208-0575-47D1-AED9-73F6F858B648}.Release|x64.ActiveCfg = Release|x64
		{B1037208-0575-47D1-AED9-73F6F858B648}.Release|x64.Build.0 = Release|x64
		{B1037208-0575-47D1-AED9-73F6F858B648}.Release|x86.ActiveCfg = Release|Win32
		{B1037208-0575-47D1-AED9-73F6F858B648}.Release|x86.Build.0 = Release|Win32
		{1A906919-876A-476F-AC4A-5A34CE392D76}.Debug|x64.ActiveCfg = Debug|x64
		{1A906919-876A-476F-AC4A-5A34CE392D76}.Debug|x64.Build.0 = Debug|x64
		{1A906919-876A-476F-AC4A-5A34CE392D76}.Debug|x86.ActiveCfg = Debug|Win32
		{1A906919-876A-476F-AC4A-5A34CE392D76}.Debug|x86.Build.0 = Debug|Win32
		{1A906919-876A-476F-AC4A-5A34CE392D76}.Release|x64.ActiveCfg = Release|x64
		{1A906919-876A-476F-AC4A-5A34CE392D76}.Release|x64.Build.0 = Release|x64
		{1A906919-876A-476F-AC4A-5A34CE392D76}.Release|x86.ActiveCfg = Release|Win32
		{1A906919-876A-476F-AC4A-5A34CE392D76}.Release|x86.Build.0 = Release|Win32
		{C006F70D-B39F-4C23-87AB-1D79343A9465}.Debug|x64.ActiveCfg = Debug|x64
		{C006F70D-B39F-4C23-87AB-1D79343A9465}.Debug|x64.Build.0 = Debug|x64
		{C006F70D-B39F-4C23-87AB-1D79343A9465}.Debug|x86.ActiveCfg = Debug|Win32
		{C006F70D-B39F-4C23-87AB-1D79343A9465}.Debug|x86.Build.0 = Debug|Win32
		{C006F70D-B39F-4C23-87AB-1D79343A9465}.Release|x64.ActiveCfg = Release|x64
		{C006F70D-B39F-4C23-87AB-1D79343A9465}.Release|x64.Build.0 = Release|x64
		{C006F70D-B39F-4C23-87AB-1D79343A9465}.Release|x86.ActiveCfg = Release|Win32
		{C006F70D-B39F-4C23-87AB-1D79343A9465}.Release|x86.Build.0 = Release|Win32
		{2A4D0031-9009-4079-AC0B-698FD93530E3}.Debug|x64.ActiveCfg = Debug|x64
		{2A4D0031-9009-4079-AC0B-698FD93530E3}.Debug|x64.Build.0 = Debug|x64
		{2A4D0031-9009-4079-AC0B-698FD93530E3}.Debug|x86.ActiveCfg = Debug|Win32
		{2A4D0031-9009-4079-AC0B-698FD93530E3}.Debug|x86.Build.0 = Debug|Win32
		{2A4D0031-9009-4079-AC0B-698FD93530E3}.Release|x64.ActiveCfg = Release|x64
		{2A4D0031-9009-4079-AC0B-698FD93530E3}.Release|x64.Build.0 = Release|x64
		{2A4D0031-9009-4079-AC0B-698FD93530E3}.Release|x86.ActiveCfg = Release|Win32
		{2A4D0031-9009-4079-AC0B-698FD93530E3}.Release|x86.Build.0 = Release|Win32
		{5E5C43FF-CA34-4177-AFDC-8179690CC6C4}.Debug|x64.ActiveCfg = Debug|x64
		{5E5C43FF-CA34-4177-AFDC-8179690CC6C4}.Debug|x64.Build.0 = Debug|x64
		{5E5C43FF-CA34-4177-AFDC-8179690CC6C4}.Debug|x86.ActiveCfg = Debug|Win32
		{5E5C43FF-CA34-4177-AFDC-8179690CC6C4}.Debug|x86.Build.0 = Debug|Win32
		{5E5C43FF-CA34-4177-AFDC-8179690CC6C4}.Release|x64.ActiveCfg = Release|x64
		{5E5C43FF-CA34-4177-AFDC-8179690CC6C4}.Release|x64.Build.0 = Release|x64
		{5E5C43FF-CA34-4177-AFDC-8179690CC6C4}.Release|x86.ActiveCfg = Release|Win32
		{5E5C43FF-CA34-4177-AFDC-8179690CC6C4}.Release|x86.Build.0 = Release|Win32
		{160AC251-F8A1-4A8C-9FE0-7CA6B082527D}.Debug|x64.ActiveCfg = Debug|x64
		{160AC251-F8A1-4A8C-9FE0-7CA6B082527D}.Debug|x64.Build.0 = Debug|x64
		{160AC251-F8A1-4A8C-9FE0-7CA6B082527D}.Debug|x86.ActiveCfg = Debug|Win32
		{160AC251-F8A1-4A8C-9FE0-7CA6B082527D}.Debug|x86.Build.0 = Debug|Win32
		{160AC251-F8A1-4A8C-9FE0-7CA6B082527D}.Release|x64.ActiveCfg = Release|x64
		{160AC251-F8A1-4A8C-9FE0-7CA6B082527D}.Release|x64.Build.0 = Release|x64
		{160AC251-F8A1-4A8C-9FE0-7CA6B082527D}.Release|x86.ActiveCfg = Release|Win32
		{160AC251-F8A1-4A8C-9FE0-7CA6B082527D}.Release|x86.Build.0 = Release|Win32
		{84F9C103-8F6A-4035-BDCA-9E98B7425B35}.Debug|x64.ActiveCfg = Debug|x64
		{84F9C103-8F6A-4035-BDCA-9E98B7425B35}.Debug|x64.Build.0 = Debug|x64
		{84F9C103-8F6A-4035-BDCA-9E98B7425B35}.Debug|x86.ActiveCfg = Debug|Win32
		{84F9C103-8F6A-4035-BDCA-9E98B7425B35}.Debug|x86.Build.0 = Debug|Win32
		{84F9C103-8F6A-4035-BDCA-9E98B7425B35}.Release|x64.ActiveCfg = Release|x64
		{84F9C103-8F6A-4035-BDCA-9E98B7425B35}.Release|x64.Build.0 = Release|x64
		{84F9C103-8F6A-4035-BDCA-9E98B7425B35}.Release|x86.ActiveCfg = Release|Win32
		{84F9C103-8F6A-4035-BDCA-9E98B7425B35}.Release|x86.Build.0 = Release|Win32
		{35B5DAC0-996C-44F1-86E0-2EC74AEAC23C}.Debug|x64.ActiveCfg = Debug|x64
		{35B5DAC0-996C-44F1-86E0-2EC74AEAC23C}.Debug|x64.Build.0 = Debug|x64
		{35B5DAC0-996C-44F1-86E0-2EC74AEAC23C}.Debug|x86.ActiveCfg = Debug|Win32
		{35B5DAC0-996C-44F1-86E0-2EC74AEAC23C}.Debug|x86.Build.0 = Debug|Win32
		{35B5DAC0-996C-44F1-86E0-2EC74AEAC23C}.Release|x64.ActiveCfg = Release|x64
		{35B5DAC0-996C-44F1-86E0-2EC74AEAC23C}.Release|x64.Build.0 = Release|x64
		{35B5DAC0-996C-44F1-86E0-2EC74AEAC23C}.Release|x86.ActiveCfg = Release|Win32
		{35B5DAC0-996C-44F1-86E0-2EC74AEAC23C}.Release|x86.Build.0 = Release|Win32
		{9EEC9D44-C8F8-4A51-AC3E-C1EEDB260E57}.Debug|x64.ActiveCfg = Debug|x64
		{9EEC9D44-C8F8-4A51-AC3E-C1EEDB260E57}.Debug|x64.Build.0 = Debug|x64
		{9EEC9D44-C8F8-4A51-AC3E-C1EEDB260E57}.Debug|x86.ActiveCfg = Debug|Win32
		{9EEC9D44-C8F8-4A51-AC3E-C1EEDB260E57}.Debug|x86.Build.0 = Debug|Win32
		{9EEC9D44-C8F8-4A51-AC3E-C1EEDB260E57}.Release|x64.ActiveCfg = Release|x64
		{9EEC9D44-C8F8-4A51-AC3E-C1EEDB260E57}.Release|x64.Build.0 = Release|x64
		{9EEC9D44-C8F8-4A51-AC3E-C1EEDB260E57}.Release|x86.ActiveCfg = Release|Win32
		{9EEC9D44-C8F8-4A51-AC3E-C1EEDB260E57}.Release|x86.Build.0 = Release|Win32
		{2CE124B9-9479-4C95-A980-F3CC5A8A1F43}.Debug|x64.ActiveCfg = Debug|x64
		{2CE124B9-9479-4C95-A980-F3CC5A8A1F43}.Debug|x64.Build.0 = Debug|x64
		{2CE124B9-9479-4C95-A980-F3CC5A8A1F43}.Debug|x86.ActiveCfg = Debug|Win32
		{2CE124B9-9479-4C95-A980-F3CC5A8A1F43}.Debug|x86.Build.0 = Debug|Win32
		{2CE124B9-9479-4C95-A980-F3CC5A8A1F43}.Release|x64.ActiveCfg = Release|x64
		{2CE124B9-9479-4C95-A980-F3CC5A8A1F43}.Release|x64.Build.0 = Release|x64
		{2CE124B9-9479-4C95-A980-F3CC5A8A1F43}.Release|x86.ActiveCfg = Release|Win32
		{2CE124B9-9479-4C95-A980-F3CC5A8A1F43}.Release|x86.Build.0 = Release|Win32
		{FB378ADC-F5DE-40D8-9903-2D50FB606C23}.Debug|x64.ActiveCfg = Debug|x64
		{FB378ADC-F5DE-40D8-9903-2D50FB606C23}.Debug|x64.Build.0 = Debug|x64
		{FB378ADC-F5DE-40D8-9903-2D50FB606C23}.Debug|x86.ActiveCfg = Debug|Win32
		{FB378ADC-F5DE-40D8-9903-2D50FB606C23}.Debug|x86.Build.0 = Debug|Win32
		{FB378ADC-F5DE-40D8-9903-2D50FB606C23}.Release|x64.ActiveCfg = Release|x64
		{FB378ADC-F5DE-40D8-9903-2D50FB606C23}.Release|x64.Build.0 = Release|x64
		{FB378ADC-F5DE-40D8-9903-2D50FB606C23}.Release|x86.ActiveCfg = Release|Win32
		{FB378ADC-F5DE-40D8-9903-2D50FB606C23}.Release|x86.Build.0 = Release|Win32
		{42DC9295-62B1-420A-B235-77818D2A78B7}.Debug|x64.ActiveCfg = Debug|x64
		{42DC9295-62B1-420A-B235-77818D2A78B7}.Debug|x64.Build.0 = Debug|x64
		{42DC9295-62B1-420A-B235-77818D2A78B7}.Debug|x86.ActiveCfg = Debug|Win32
		{42DC9295-62B1-420A-B235-77818D2A78B7}.Debug|x86.Build.0 = Debug|Win32
		{42DC9295-62B1-420A-B235-77818D2A78B7}.Release|x64.ActiveCfg = Release|x64
		{42DC9295-62B1-420A-B235-77818D2A78B7}.Release|x64.Build.0 = Release|x64
		{42DC9295-62B1-420A-B235-77818D2A78B7}.Release|x86.ActiveCfg = Release|Win32
		{42DC9295-62B1-420A-B235-77818D2A78B7}.Release|x86.Build.0 = Release|Win32
		{8E85C9C1-7D2D-4C05-99FD-30AE069DF115}.Debug|x64.ActiveCfg = Debug|x64
		{8E85C9C1-7D2D-4C05-99FD-30AE069DF115}.Debug|x64.Build.0 = Debug|x64
		{8E85C9C1-7D2D-4C05-99FD-30AE069DF115}.Debug|x86.ActiveCfg = Debug|Win32
		{8E85C9C1-7D2D-4C05-99FD-30AE069DF115}.Debug|x86.Build.0 = Debug|Win32
		{8E85C9C1-7D2D-4C05-99FD-30AE069DF115}.Release|x64.ActiveCfg = Release|x64
		{8E85C9C1-7D2D-4C05-99FD-30AE069DF115}.Release|x64.Build.0 = Release|x64
		{8E85C9C1-7D2D-4C05-99FD-30AE069DF115}.Release|x86.ActiveCfg = Release|Win32
		{8E85C9C1-7D2D-4C05-99FD-30AE069DF115}.Release|x86.Build.0 = Release|Win32
		{518CBC23-0AB7-4436-9AE5-17DD23478CF2}.Debug|x64.ActiveCfg = Debug|x64
		{518CBC23-0AB7-4436-9AE5-17DD23478CF2}.Debug|x64.Build.0 = Debug|x64
		{518CBC23-0AB7-4436-9AE5-17DD23478CF2}.Debug|x86.ActiveCfg = Debug|Win32
		{518CBC23-0AB7-4436-9AE5-17DD23478CF2}.Debug|x86.Build.0 = Debug|Win32
		{518CBC23-0AB7-4436-9AE5-17DD23478CF2}.Release|x64.ActiveCfg = Release|x64
		{518CBC23-0AB7-4436-9AE5-17DD23478CF2}.Release|x64.Build.0 = Release|x64
		{518CBC23-0AB7-4436-9AE5-17DD23478CF2}.Release|x86.ActiveCfg = Release|Win32
		{518CBC23-0AB7-4436-9AE5-17DD23478CF2}.Release|x86.Build.0 = Release|Win32
		{24240A60-B4C1-4989-B5DB-DCA722D0427E}.Debug|x64.ActiveCfg = Debug|x64
		{24240A60-B4C1-4989-B5DB-DCA722D0427E}.Debug|x64.Build.0 = Debug|x64
		{24240A60-B4C1-4989-B5DB-DCA722D0427E}.Debug|x86.ActiveCfg = Debug|Win32
		{24240A60-B4C1-4989-B5DB-DCA722D0427E}.Debug|x86.Build.0 = Debug|Win32
		{24240A60-B4C1-4989-B5DB-DCA722D0427E}.Release|x64.ActiveCfg = Release|x64
		{24240A60-B4C1-4989-B5DB-DCA722D0427E}.Release|x64.Build.0 = Release|x64
		{24240A60-B4C1-4989-B5DB-DCA722D0427E}.Release|x86.ActiveCfg = Release|Win32
		{24240A60-B4C1-4989-B5DB-DCA722D0427E}.Release|x86.Build.0 = Release|Win32
		{B29726F2-320F-436D-B7EF-11C66A73A8D1}.Debug|x64.ActiveCfg = Debug|x64
		{B29726F2-320F-436D-B7EF-11C66A73A8D1}.Debug|x64.Build.0 = Debug|x64
		{B29726F2-320F-436D-B7EF-11C66A73A8D1}.Debug|x86.ActiveCfg = Debug|Win32
		{B29726F2-320F-436D-B7EF-11C66A73A8D1}.Debug|x86.Build.0 = Debug|Win32
		{B29726F2-320F-436D-B7EF-11C66A73A8D1}.Release|x64.ActiveCfg = Release|x64
		{B29726F2-320F-436D-B7EF-11C66A73A8D1}.Release|x64.Build.0 = Release|x64
		{B29726F2-320F-436D-B7EF-11C66A73A8D1}.Release|x86.ActiveCfg = Release|Win32
		{B29726F2-320F-436D-B7EF-11C66A73A8D1}.Release|x86.Build.0 = Release|Win32
		{FFF3752B-1F8C-4D26-A97C-9839F043F956}.Debug|x64.ActiveCfg = Debug|x64
		{FFF3752B-1F8C-4D26-A97C-9839F043F956}.Debug|x64.Build.0 = Debug|x64
		{FFF3752B-1F8C-4D26-A97C-9839F043F956}.Debug|x86.ActiveCfg = Debug|Win32
		{FFF3752B-1F8C-4D26-A97C-9839F043F956}.Debug|x86.Build.0 = Debug|Win32
		{FFF3752B-1F8C-4D26-A97C-9839F043F956}.Release|x64.ActiveCfg = Release|x64
		{FFF3752B-1F8C-4D26-A97C-9839F043F956}.Release|x64.Build.0 = Release|x64
		{FFF3752B-1F8C-4D26-A97C-9839F043F956}.Release|x86.ActiveCfg = Release|Win32
		{FFF3752B-1F8C-4D26-A97C-9839F043F956}.Release|x86.Build.0 = Release|Win32
		{F20DD4DD-2B34-4BEC-8364-52AA3EBA5843}.Debug|x64.ActiveCfg = Debug|x64
		{F20DD4DD-2B34-4BEC-8364-52AA3EBA5843}.Debug|x64.Build.0 = Debug|x64
		{F20DD4DD-2B34-4BEC-8364-52AA3EBA5843}.Debug|x86.ActiveCfg = Debug|Win32
		{F20DD4DD-2B34-4BEC-8364-52AA3EBA5843}.Debug|x86.Build.0 = Debug|Win32
		{F20DD4DD-2B34-4BEC-8364-52AA3EBA5843}.Release|x64.ActiveCfg = Release|x64
		{F20DD4DD-2B34-4BEC-8364-52AA3EBA5843}.Release|x64.Build.0 = Release|x64
		{F20DD4DD-2B34-4BEC-8364-52AA3EBA5843}.Release|x86.ActiveCfg = Release|Win32
		{F20DD4DD-2B34-4BEC-8364-52AA3EBA5843}.Release|x86.Build.0 = Release|Win32
		{21805375-3DDD-484C-831A-D44284414BCA}.Debug|x64.ActiveCfg = Debug|x64
		{21805375-3DDD-484C-831A-D44284414BCA}.Debug|x64.Build.0 = Debug|x64
		{21805375-3DDD-484C-831A-D44284414BCA}.Debug|x86.ActiveCfg = Debug|Win32
		{21805375-3DDD-484C-831A-D44284414BCA}.Debug|x86.Build.0 = Debug|Win32
		{21805375-3DDD-484C-831A-D44284414BCA}.Release|x64.ActiveCfg = Release|x64
		{21805375-3DDD-484C-831A-D44284414BCA}.Release|x64.Build.0 = Release|x64
		{21805375-3DDD-484C-831A-D44284414BCA}.Release|x86.ActiveCfg = Release|Win32
		{21805375-3DDD-484C-831A-D44284414BCA}.Release|x86.Build.0 = Release|Win32
		{0EFBDFCC-5A4E-49EA-93AF-1ED114987C52}.Debug|x64.ActiveCfg = Debug|x64
		{0EFBDFCC-5A4E-49EA-93AF-1ED114987C52}.Debug|x64.Build.0 = Debug|x64
		{0EFBDFCC-5A4E-49EA-93AF-1ED114987C52}.Debug|x86.ActiveCfg = Debug|Win32
		{0EFBDFCC-5A4E-49EA-93AF-1ED114987C52}.Debug|x86.Build.0 = Debug|Win32
		{0EFBDFCC-5A4E-49EA-93AF-1ED114987C52}.Release|x64.ActiveCfg = Release|x64
		{0EFBDFCC-5A4E-49EA-93AF-1ED114987C52}.Release|x64.Build.0 = Release|x64
		{0EFBDFCC-5A4E-49EA-93AF-1ED114987C52}.Release|x86.ActiveCfg = Release|Win32
		{0EFBDFCC-5A4E-49EA-93AF-1ED114987C52}.Release|x86.Build.0 = Release|Win32
		{EFFE5BD8-2E00-40A1-96B6-7A77B98C4B6F}.Debug|x64.ActiveCfg = Debug|x64
		{EFFE5BD8-2E00-40A1-96B6-7A77B98C4B6F}.Debug|x64.Build.0 = Debug|x64
		{EFFE5BD8-2E00-40A1-96B6-7A77B98C4B6F}.Debug|x86.ActiveCfg = Debug|Win32
		{EFFE5BD8-2E00-40A1-96B6-7A77B98C4B6F}.Debug|x86.Build.0 = Debug|Win32
		{EFFE5BD8-2E00-40A1-96B6-7A77B98C4B6F}.Release|x64.ActiveCfg = Release|x64
		{EFFE5BD8-2E00-40A1-96B6-7A77B98C4B6F}.Release|x64.Build.0 = Release|x64
		{EFFE5BD8-2E00-40A1-96B6-7A77B98C4B6F}.Release|x86.ActiveCfg = Release|Win32
		{EFFE5BD8-2E00-40A1-96B6-7A77B98C4B6F}.Release|x86.Build.0 = Release|Win32
		{C4F4F2BF-B11C-44C4-A31B-5ECA7258DD0B}.Debug|x64.ActiveCfg = Debug|x64
		{C4F4F2BF-B11C-44C4-A31B-5ECA7258DD0B}.Debug|x64.Build.0 = Debug|x64
		{C4F4F2BF-B11C-44C4-A31B-5ECA7258DD0B}.Debug|x86.ActiveCfg = Debug|Win32
		{C4F4F2BF-B11C-44C4-A31B-5ECA7258DD0B}.Debug|x86.Build.0 = Debug|Win32
		{C4F4F2BF-B11C-44C4-A31B-5ECA7258DD0B}.Release|x64.ActiveCfg = Release|x64
		{C4F4F2BF-B11C-44C4-A31B-5ECA7258DD0B}.Release|x64.Build.0 = Release|x64
		{C4F4F2BF-B11C-44C4-A31B-5ECA7258DD0B}.Release|x86.ActiveCfg = Release|Win32
		{C4F4F2BF-B11C-44C4-A31B-5ECA7258DD0B}.Release|x86.Build.0 = Release|Win32
		{89FE3643-38AB-499C-8815-4D037025E5D6}.Debug|x64.ActiveCfg = Debug|x64
		{89FE3643-38AB-499C-8815-4D037025E5D6}.Debug|x64.Build.0 = Debug|x64
		{89FE3643-38AB-499C-8815-4D037025E5D6}.Debug|x86.ActiveCfg = Debug|Win32
		{89FE3643-38AB-499C-8815-4D037025E5D6}.Debug|x86.Build.0 = Debug|Win32
		{89FE3643-38AB-499C-8815-4D037025E5D6}.Release|x64.ActiveCfg = Release|x64
		{89FE3643-38AB-499C-8815-4D037025E5D6}.Release|x64.Build.0 = Release|x64
		{89FE3643-38AB-499C-8815-4D037025E5D6}.Release|x86.ActiveCfg = Release|Win32
		{89FE3643-38AB-499C-8815-4D037025E5D6}.Release|x86.Build.0 = Release|Win32
		{0C9AD258-90E3-47C2-BD4E-D782B711C234}.Debug|x64.ActiveCfg = Debug|x64
		{0C9AD258-90E3-47C2-BD4E-D782B711C234}.Debug|x64.Build.0 = Debug|x64
		{0C9AD258-90E3-47C2-BD4E-D782B711C234}.Debug|x86.ActiveCfg = Debug|Win32
		{0C9AD258-90E3-47C2-BD4E-D782B711C234}.Debug|x86.Build.0 = Debug|Win32
		{0C9AD258-90E3-47C2-BD4E-D782B711C234}.Release|x64.ActiveCfg = Release|x64
		{0C9AD258-90E3-47C2-BD4E-D782B711C234}.Release|x64.Build.0 = Release|x64
		{0C9AD258-90E3-47C2-BD4E-D782B711C234}.Release|x86.ActiveCfg = Release|Win32
		{0C9AD258-90E3-47C2-BD4E-D782B711C234}.Release|x86.Build.0 = Release|Win32
	EndGlobalSection
	GlobalSection(SolutionProperties) = preSolution
		HideSolutionNode = FALSE
	EndGlobalSection
	GlobalSection(ExtensibilityGlobals) = postSolution
		SolutionGuid = {C06B790C-2AC5-4A1A-99C3-08C2DB73C984}
	EndGlobalSection
EndGlobal
